<Solution>
  <Project Path="AdvancedAtomics/AdvancedAtomics.csproj" />
  <Project Path="AdvancedViews/AdvancedViews.csproj" />
  <Project Path="AlgorithmsInitialize/AlgorithmsInitialize.csproj" />
  <Project Path="AlgorithmsMath/AlgorithmsMath.csproj" />
  <Project Path="AlgorithmsRadixSort/AlgorithmsRadixSort.csproj" />
  <Project Path="AlgorithmsReduce/AlgorithmsReduce.csproj" />
  <Project Path="AlgorithmsScan/AlgorithmsScan.csproj" />
  <Project Path="AlgorithmsSequence/AlgorithmsSequence.csproj" />
  <Project Path="AlgorithmsTransform/AlgorithmsTransform.csproj" />
  <Project Path="DeviceInfo/DeviceInfo.csproj" />
  <Project Path="Empty/Empty.csproj" />
  <Project Path="EmptyAlgorithms/EmptyAlgorithms.csproj" />
  <Project Path="ExplicitlyGroupedKernels/ExplicitlyGroupedKernels.csproj" />
  <Project Path="FixedSizeBuffers/FixedSizeBuffers.csproj" />
  <Project Path="GenericKernel/GenericKernel.csproj" />
  <Project Path="GroupGridIndices/GroupGridIndices.csproj" />
  <Project Path="ImplicitlyGroupedKernels/ImplicitlyGroupedKernels.csproj" />
  <Project Path="InterleaveFields/InterleaveFields.csproj" />
  <Project Path="MatrixMultiply/MatrixMultiply.csproj" />
  <Project Path="MemoryBufferStrides/MemoryBufferStrides.csproj" />
  <Project Path="PinnedMemoryCopy/PinnedMemoryCopy.csproj" />
  <Project Path="ProfilingMarkers/ProfilingMarkers.csproj" />
  <Project Path="SharedMemory/SharedMemory.csproj" />
  <Project Path="SimpleAlloc/SimpleAlloc.csproj" />
  <Project Path="SimpleAtomics/SimpleAtomics.csproj" />
  <Project Path="SimpleConstants/SimpleConstants.csproj" />
  <Project Path="SimpleDebugAssert/SimpleDebugAssert.csproj" />
  <Project Path="SimpleKernel/SimpleKernel.csproj" />
  <Project Path="SimpleMath/SimpleMath.csproj" />
  <Project Path="SimpleStructures/SimpleStructures.csproj" />
  <Project Path="SimpleViews/SimpleViews.csproj" />
  <Project Path="SimpleWriteLine/SimpleWriteLine.csproj" />
  <Project Path="StaticAbstractInterfaceMembers/StaticAbstractInterfaceMembers.csproj" />
  <Project Path="WarpShuffle/WarpShuffle.csproj" />
</Solution>
