
Microsoft Visual Studio Solution File, Format Version 12.00
# Visual Studio Version 16
VisualStudioVersion = 16.0.29424.173
MinimumVisualStudioVersion = 10.0.40219.1
Project("{9A19103F-16F7-4668-BE54-9A1E7A4F7556}") = "DeviceInfo", "DeviceInfo\DeviceInfo.csproj", "{715584CD-87DA-4F1F-86C3-A3D9AB50EE53}"
EndProject
Project("{2150E333-8FDC-42A3-9474-1A3956D46DE8}") = "ILGPU", "ILGPU", "{60D61949-4B05-4BAB-9BF7-C8BA2EF905AB}"
EndProject
Project("{9A19103F-16F7-4668-BE54-9A1E7A4F7556}") = "SimpleKernel", "SimpleKernel\SimpleKernel.csproj", "{BB818792-0B95-477F-AF76-B617088E4B65}"
EndProject
Project("{9A19103F-16F7-4668-BE54-9A1E7A4F7556}") = "SimpleAlloc", "SimpleAlloc\SimpleAlloc.csproj", "{1B1ADAAB-8B74-4FDA-B7CF-8DAC6F3E18CC}"
EndProject
Project("{9A19103F-16F7-4668-BE54-9A1E7A4F7556}") = "Empty", "Empty\Empty.csproj", "{66490342-A4D0-4C57-81DC-145C8DF1DF85}"
EndProject
Project("{2150E333-8FDC-42A3-9474-1A3956D46DE8}") = "Simple", "Simple", "{A0D83DD0-4DFE-4350-A652-8AB0B0F62F02}"
EndProject
Project("{9A19103F-16F7-4668-BE54-9A1E7A4F7556}") = "SimpleViews", "SimpleViews\SimpleViews.csproj", "{F29B4DD6-60EA-4DB4-BCBF-B25521BAEF89}"
EndProject
Project("{2150E333-8FDC-42A3-9474-1A3956D46DE8}") = "Advanced", "Advanced", "{C1D99632-ED4A-4B08-A14D-4C8DB375934F}"
EndProject
Project("{9A19103F-16F7-4668-BE54-9A1E7A4F7556}") = "AdvancedViews", "AdvancedViews\AdvancedViews.csproj", "{6DC9F6CE-5E60-40F4-9679-73E013FFA1E4}"
EndProject
Project("{9A19103F-16F7-4668-BE54-9A1E7A4F7556}") = "SimpleAtomics", "SimpleAtomics\SimpleAtomics.csproj", "{3A372731-484C-4623-AB59-36088939D360}"
EndProject
Project("{9A19103F-16F7-4668-BE54-9A1E7A4F7556}") = "SimpleMath", "SimpleMath\SimpleMath.csproj", "{6FA852F3-4B39-4FF6-8959-65FAA7A3F31B}"
EndProject
Project("{9A19103F-16F7-4668-BE54-9A1E7A4F7556}") = "AdvancedAtomics", "AdvancedAtomics\AdvancedAtomics.csproj", "{0C356BF3-F6FB-4288-8C1A-03AC00D68DFA}"
EndProject
Project("{9A19103F-16F7-4668-BE54-9A1E7A4F7556}") = "ImplicitlyGroupedKernels", "ImplicitlyGroupedKernels\ImplicitlyGroupedKernels.csproj", "{4587C725-A9C2-44B7-8FF3-D59D39DD0074}"
EndProject
Project("{9A19103F-16F7-4668-BE54-9A1E7A4F7556}") = "ExplicitlyGroupedKernels", "ExplicitlyGroupedKernels\ExplicitlyGroupedKernels.csproj", "{21339493-3330-4D2C-9605-0BAA9B675A56}"
EndProject
Project("{9A19103F-16F7-4668-BE54-9A1E7A4F7556}") = "SharedMemory", "SharedMemory\SharedMemory.csproj", "{66CCC9F7-75E6-4573-AB6C-1CC3FD8B6981}"
EndProject
Project("{9A19103F-16F7-4668-BE54-9A1E7A4F7556}") = "SimpleStructures", "SimpleStructures\SimpleStructures.csproj", "{F75D6FD6-FDE8-4EE7-8462-92B2799CE31D}"
EndProject
Project("{9A19103F-16F7-4668-BE54-9A1E7A4F7556}") = "SimpleConstants", "SimpleConstants\SimpleConstants.csproj", "{AE391688-AA58-49E1-B0E8-9FDA25DA23BD}"
EndProject
Project("{9A19103F-16F7-4668-BE54-9A1E7A4F7556}") = "WarpShuffle", "WarpShuffle\WarpShuffle.csproj", "{B43A6385-0030-4ED6-B1E5-74303D65DEA5}"
EndProject
Project("{9A19103F-16F7-4668-BE54-9A1E7A4F7556}") = "Mandelbrot", "Mandelbrot\Mandelbrot.csproj", "{88BDFE37-9C45-406C-9E05-3F190A6EAD57}"
EndProject
Project("{9A19103F-16F7-4668-BE54-9A1E7A4F7556}") = "LowLevelKernelCompilation", "LowLevelKernelCompilation\LowLevelKernelCompilation.csproj", "{2F9FC475-C45F-4192-9081-A971731E8717}"
EndProject
Project("{2150E333-8FDC-42A3-9474-1A3956D46DE8}") = "Applications", "Applications", "{30F390DB-B823-40A2-A881-382B9EF36C07}"
EndProject
Project("{9A19103F-16F7-4668-BE54-9A1E7A4F7556}") = "MatrixMultiply", "MatrixMultiply\MatrixMultiply.csproj", "{89648D2A-FD70-41E4-AC53-517DF19C744F}"
EndProject
Project("{9A19103F-16F7-4668-BE54-9A1E7A4F7556}") = "AdjustableSharedMemory", "AdjustableSharedMemory\AdjustableSharedMemory.csproj", "{B0AE18F5-52AB-4DB6-8FC5-A7731196F8E0}"
EndProject
Project("{9A19103F-16F7-4668-BE54-9A1E7A4F7556}") = "CustomIntrinsics", "CustomIntrinsics\CustomIntrinsics.csproj", "{1B44CDA4-B716-4F66-9DAD-509B164C52D8}"
EndProject
Project("{2150E333-8FDC-42A3-9474-1A3956D46DE8}") = "ILGPU.Algorithms", "ILGPU.Algorithms", "{25BA2234-5778-40BC-9386-9CE87AB87D1F}"
EndProject
Project("{9A19103F-16F7-4668-BE54-9A1E7A4F7556}") = "EmptyAlgorithms", "EmptyAlgorithms\EmptyAlgorithms.csproj", "{C39FFBAB-0312-4E36-9928-1D400EFC63FE}"
EndProject
Project("{9A19103F-16F7-4668-BE54-9A1E7A4F7556}") = "AlgorithmsInitialize", "AlgorithmsInitialize\AlgorithmsInitialize.csproj", "{F9C996D4-3947-4450-87E0-054A8A16C66B}"
EndProject
Project("{9A19103F-16F7-4668-BE54-9A1E7A4F7556}") = "AlgorithmsTransform", "AlgorithmsTransform\AlgorithmsTransform.csproj", "{AF767981-ACCF-4913-B847-886FAB6E2C5B}"
EndProject
Project("{9A19103F-16F7-4668-BE54-9A1E7A4F7556}") = "AlgorithmsSequence", "AlgorithmsSequence\AlgorithmsSequence.csproj", "{CC28801C-518D-47F7-BF16-EF6B53893824}"
EndProject
Project("{9A19103F-16F7-4668-BE54-9A1E7A4F7556}") = "AlgorithmsRadixSort", "AlgorithmsRadixSort\AlgorithmsRadixSort.csproj", "{EAA991DB-C085-4A30-8F56-0A6C802EE919}"
EndProject
Project("{9A19103F-16F7-4668-BE54-9A1E7A4F7556}") = "AlgorithmsReduce", "AlgorithmsReduce\AlgorithmsReduce.csproj", "{67C995EE-28AF-45D5-B675-FE2CDA7BFD9A}"
EndProject
Project("{9A19103F-16F7-4668-BE54-9A1E7A4F7556}") = "AlgorithmsScan", "AlgorithmsScan\AlgorithmsScan.csproj", "{FD093329-B7D9-43D5-B6A5-871456AB06BF}"
EndProject
Project("{9A19103F-16F7-4668-BE54-9A1E7A4F7556}") = "AlgorithmsGroups", "AlgorithmsGroups\AlgorithmsGroups.csproj", "{0D1E1C9E-C27B-4CF4-8AD5-E941E1D62E50}"
EndProject
Project("{9A19103F-16F7-4668-BE54-9A1E7A4F7556}") = "AlgorithmsWarps", "AlgorithmsWarps\AlgorithmsWarps.csproj", "{F9B2443D-1BF4-4D2F-A579-A4634E52B7FB}"
EndProject
Project("{9A19103F-16F7-4668-BE54-9A1E7A4F7556}") = "AlgorithmsMath", "AlgorithmsMath\AlgorithmsMath.csproj", "{0D0A7270-5D7C-4F5A-9AC8-E08B76DC0B25}"
EndProject
Project("{9A19103F-16F7-4668-BE54-9A1E7A4F7556}") = "GroupGridIndices", "GroupGridIndices\GroupGridIndices.csproj", "{8BABA3AC-4A34-4DCD-B137-A8484116052D}"
EndProject
Project("{9A19103F-16F7-4668-BE54-9A1E7A4F7556}") = "PinnedMemoryCopy", "PinnedMemoryCopy\PinnedMemoryCopy.csproj", "{1A7C3413-8F26-4BDA-A98B-1A6F97AA1AC5}"
EndProject
Project("{9A19103F-16F7-4668-BE54-9A1E7A4F7556}") = "GenericKernel", "GenericKernel\GenericKernel.csproj", "{6BEF92E6-B879-4972-B0BC-FB27975AF166}"
EndProject
Project("{9A19103F-16F7-4668-BE54-9A1E7A4F7556}") = "AlgorithmsCuBlas", "AlgorithmsCuBlas\AlgorithmsCuBlas.csproj", "{B0EC7CF4-DDD8-493C-BAD3-22D944AD9994}"
EndProject
Project("{9A19103F-16F7-4668-BE54-9A1E7A4F7556}") = "DynamicSharedMemory", "DynamicSharedMemory\DynamicSharedMemory.csproj", "{DFAFCD16-A9CE-4CB5-963D-399CB1F04B47}"
EndProject
Project("{9A19103F-16F7-4668-BE54-9A1E7A4F7556}") = "SpecializedKernel", "SpecializedKernel\SpecializedKernel.csproj", "{7C451CAA-F8EE-47DF-A35D-B0918B5968EA}"
EndProject
Project("{2150E333-8FDC-42A3-9474-1A3956D46DE8}") = "Libraries", "Libraries", "{03FCC663-945D-4982-90D8-B14BE52D8FCD}"
EndProject
Project("{9A19103F-16F7-4668-BE54-9A1E7A4F7556}") = "ILGPU", "..\Src\ILGPU\ILGPU.csproj", "{AB8D0C89-A736-43B2-9590-31A5F07C479C}"
EndProject
Project("{9A19103F-16F7-4668-BE54-9A1E7A4F7556}") = "ILGPU.Algorithms", "..\Src\ILGPU.Algorithms\ILGPU.Algorithms.csproj", "{97C5FB2D-D327-4657-91DA-7119EC1F86A1}"
EndProject
Project("{9A19103F-16F7-4668-BE54-9A1E7A4F7556}") = "ProfilingMarkers", "ProfilingMarkers\ProfilingMarkers.csproj", "{87DE5723-40F5-48FA-9F46-4E68E8B13264}"
EndProject
Project("{6EC3EE1D-3C4E-46DD-8F32-0CC8E7565705}") = "SimpleFSharp", "SimpleFSharp\SimpleFSharp.fsproj", "{8158EF0F-3B79-4A56-B0CF-69EE976CA8E8}"
EndProject
Project("{9A19103F-16F7-4668-BE54-9A1E7A4F7556}") = "InlinePTXAssembly", "InlinePTXAssembly\InlinePTXAssembly.csproj", "{CDBB441D-B8C5-4891-AB78-E9CF31FB9CE4}"
EndProject
Project("{9A19103F-16F7-4668-BE54-9A1E7A4F7556}") = "MonitorProgress", "MonitorProgress\MonitorProgress.csproj", "{2C7E6CAE-9240-4D2C-AB73-319676B0BDDB}"
EndProject
Project("{9A19103F-16F7-4668-BE54-9A1E7A4F7556}") = "SimpleWriteLine", "SimpleWriteLine\SimpleWriteLine.csproj", "{4A463E66-95E4-4180-ABA7-DCD7BBCDDA87}"
EndProject
Project("{9A19103F-16F7-4668-BE54-9A1E7A4F7556}") = "SimpleDebugAssert", "SimpleDebugAssert\SimpleDebugAssert.csproj", "{EFED82FE-8455-4F48-91CA-24D069412FDE}"
EndProject
Project("{9A19103F-16F7-4668-BE54-9A1E7A4F7556}") = "AlgorithmsUnique", "AlgorithmsUnique\AlgorithmsUnique.csproj", "{BDEDAB04-0F59-4ECC-840B-AA3A0ED1A3E2}"
EndProject
Project("{9A19103F-16F7-4668-BE54-9A1E7A4F7556}") = "AlgorithmsHistogram", "AlgorithmsHistogram\AlgorithmsHistogram.csproj", "{FCBFA0FD-91DF-4C9E-8715-32A0EABD5E08}"
EndProject
Project("{9A19103F-16F7-4668-BE54-9A1E7A4F7556}") = "FixedSizeBuffers", "FixedSizeBuffers\FixedSizeBuffers.csproj", "{8E76F153-5746-4ED2-9F0E-8ED3500E9814}"
EndProject
Project("{9A19103F-16F7-4668-BE54-9A1E7A4F7556}") = "AlgorithmsRandom", "AlgorithmsRandom\AlgorithmsRandom.csproj", "{9BC67CB1-E0BA-4616-B93E-7B986AEDBC76}"
EndProject
Project("{9A19103F-16F7-4668-BE54-9A1E7A4F7556}") = "AlgorithmsNvml", "AlgorithmsNvml\AlgorithmsNvml.csproj", "{13C88B0D-8244-40D5-94A6-EA167ECDED85}"
EndProject
Global
	GlobalSection(SolutionConfigurationPlatforms) = preSolution
		Debug|Any CPU = Debug|Any CPU
		Release|Any CPU = Release|Any CPU
	EndGlobalSection
	GlobalSection(ProjectConfigurationPlatforms) = postSolution
		{715584CD-87DA-4F1F-86C3-A3D9AB50EE53}.Debug|Any CPU.ActiveCfg = Debug|Any CPU
		{715584CD-87DA-4F1F-86C3-A3D9AB50EE53}.Debug|Any CPU.Build.0 = Debug|Any CPU
		{715584CD-87DA-4F1F-86C3-A3D9AB50EE53}.Release|Any CPU.ActiveCfg = Release|Any CPU
		{715584CD-87DA-4F1F-86C3-A3D9AB50EE53}.Release|Any CPU.Build.0 = Release|Any CPU
		{BB818792-0B95-477F-AF76-B617088E4B65}.Debug|Any CPU.ActiveCfg = Debug|Any CPU
		{BB818792-0B95-477F-AF76-B617088E4B65}.Debug|Any CPU.Build.0 = Debug|Any CPU
		{BB818792-0B95-477F-AF76-B617088E4B65}.Release|Any CPU.ActiveCfg = Release|Any CPU
		{BB818792-0B95-477F-AF76-B617088E4B65}.Release|Any CPU.Build.0 = Release|Any CPU
		{1B1ADAAB-8B74-4FDA-B7CF-8DAC6F3E18CC}.Debug|Any CPU.ActiveCfg = Debug|Any CPU
		{1B1ADAAB-8B74-4FDA-B7CF-8DAC6F3E18CC}.Debug|Any CPU.Build.0 = Debug|Any CPU
		{1B1ADAAB-8B74-4FDA-B7CF-8DAC6F3E18CC}.Release|Any CPU.ActiveCfg = Release|Any CPU
		{1B1ADAAB-8B74-4FDA-B7CF-8DAC6F3E18CC}.Release|Any CPU.Build.0 = Release|Any CPU
		{66490342-A4D0-4C57-81DC-145C8DF1DF85}.Debug|Any CPU.ActiveCfg = Debug|Any CPU
		{66490342-A4D0-4C57-81DC-145C8DF1DF85}.Debug|Any CPU.Build.0 = Debug|Any CPU
		{66490342-A4D0-4C57-81DC-145C8DF1DF85}.Release|Any CPU.ActiveCfg = Release|Any CPU
		{66490342-A4D0-4C57-81DC-145C8DF1DF85}.Release|Any CPU.Build.0 = Release|Any CPU
		{F29B4DD6-60EA-4DB4-BCBF-B25521BAEF89}.Debug|Any CPU.ActiveCfg = Debug|Any CPU
		{F29B4DD6-60EA-4DB4-BCBF-B25521BAEF89}.Debug|Any CPU.Build.0 = Debug|Any CPU
		{F29B4DD6-60EA-4DB4-BCBF-B25521BAEF89}.Release|Any CPU.ActiveCfg = Release|Any CPU
		{F29B4DD6-60EA-4DB4-BCBF-B25521BAEF89}.Release|Any CPU.Build.0 = Release|Any CPU
		{6DC9F6CE-5E60-40F4-9679-73E013FFA1E4}.Debug|Any CPU.ActiveCfg = Debug|Any CPU
		{6DC9F6CE-5E60-40F4-9679-73E013FFA1E4}.Debug|Any CPU.Build.0 = Debug|Any CPU
		{6DC9F6CE-5E60-40F4-9679-73E013FFA1E4}.Release|Any CPU.ActiveCfg = Release|Any CPU
		{6DC9F6CE-5E60-40F4-9679-73E013FFA1E4}.Release|Any CPU.Build.0 = Release|Any CPU
		{3A372731-484C-4623-AB59-36088939D360}.Debug|Any CPU.ActiveCfg = Debug|Any CPU
		{3A372731-484C-4623-AB59-36088939D360}.Debug|Any CPU.Build.0 = Debug|Any CPU
		{3A372731-484C-4623-AB59-36088939D360}.Release|Any CPU.ActiveCfg = Release|Any CPU
		{3A372731-484C-4623-AB59-36088939D360}.Release|Any CPU.Build.0 = Release|Any CPU
		{6FA852F3-4B39-4FF6-8959-65FAA7A3F31B}.Debug|Any CPU.ActiveCfg = Debug|Any CPU
		{6FA852F3-4B39-4FF6-8959-65FAA7A3F31B}.Debug|Any CPU.Build.0 = Debug|Any CPU
		{6FA852F3-4B39-4FF6-8959-65FAA7A3F31B}.Release|Any CPU.ActiveCfg = Release|Any CPU
		{6FA852F3-4B39-4FF6-8959-65FAA7A3F31B}.Release|Any CPU.Build.0 = Release|Any CPU
		{0C356BF3-F6FB-4288-8C1A-03AC00D68DFA}.Debug|Any CPU.ActiveCfg = Debug|Any CPU
		{0C356BF3-F6FB-4288-8C1A-03AC00D68DFA}.Debug|Any CPU.Build.0 = Debug|Any CPU
		{0C356BF3-F6FB-4288-8C1A-03AC00D68DFA}.Release|Any CPU.ActiveCfg = Release|Any CPU
		{0C356BF3-F6FB-4288-8C1A-03AC00D68DFA}.Release|Any CPU.Build.0 = Release|Any CPU
		{4587C725-A9C2-44B7-8FF3-D59D39DD0074}.Debug|Any CPU.ActiveCfg = Debug|Any CPU
		{4587C725-A9C2-44B7-8FF3-D59D39DD0074}.Debug|Any CPU.Build.0 = Debug|Any CPU
		{4587C725-A9C2-44B7-8FF3-D59D39DD0074}.Release|Any CPU.ActiveCfg = Release|Any CPU
		{4587C725-A9C2-44B7-8FF3-D59D39DD0074}.Release|Any CPU.Build.0 = Release|Any CPU
		{21339493-3330-4D2C-9605-0BAA9B675A56}.Debug|Any CPU.ActiveCfg = Debug|Any CPU
		{21339493-3330-4D2C-9605-0BAA9B675A56}.Debug|Any CPU.Build.0 = Debug|Any CPU
		{21339493-3330-4D2C-9605-0BAA9B675A56}.Release|Any CPU.ActiveCfg = Release|Any CPU
		{21339493-3330-4D2C-9605-0BAA9B675A56}.Release|Any CPU.Build.0 = Release|Any CPU
		{66CCC9F7-75E6-4573-AB6C-1CC3FD8B6981}.Debug|Any CPU.ActiveCfg = Debug|Any CPU
		{66CCC9F7-75E6-4573-AB6C-1CC3FD8B6981}.Debug|Any CPU.Build.0 = Debug|Any CPU
		{66CCC9F7-75E6-4573-AB6C-1CC3FD8B6981}.Release|Any CPU.ActiveCfg = Release|Any CPU
		{66CCC9F7-75E6-4573-AB6C-1CC3FD8B6981}.Release|Any CPU.Build.0 = Release|Any CPU
		{F75D6FD6-FDE8-4EE7-8462-92B2799CE31D}.Debug|Any CPU.ActiveCfg = Debug|Any CPU
		{F75D6FD6-FDE8-4EE7-8462-92B2799CE31D}.Debug|Any CPU.Build.0 = Debug|Any CPU
		{F75D6FD6-FDE8-4EE7-8462-92B2799CE31D}.Release|Any CPU.ActiveCfg = Release|Any CPU
		{F75D6FD6-FDE8-4EE7-8462-92B2799CE31D}.Release|Any CPU.Build.0 = Release|Any CPU
		{AE391688-AA58-49E1-B0E8-9FDA25DA23BD}.Debug|Any CPU.ActiveCfg = Debug|Any CPU
		{AE391688-AA58-49E1-B0E8-9FDA25DA23BD}.Debug|Any CPU.Build.0 = Debug|Any CPU
		{AE391688-AA58-49E1-B0E8-9FDA25DA23BD}.Release|Any CPU.ActiveCfg = Release|Any CPU
		{AE391688-AA58-49E1-B0E8-9FDA25DA23BD}.Release|Any CPU.Build.0 = Release|Any CPU
		{B43A6385-0030-4ED6-B1E5-74303D65DEA5}.Debug|Any CPU.ActiveCfg = Debug|Any CPU
		{B43A6385-0030-4ED6-B1E5-74303D65DEA5}.Debug|Any CPU.Build.0 = Debug|Any CPU
		{B43A6385-0030-4ED6-B1E5-74303D65DEA5}.Release|Any CPU.ActiveCfg = Release|Any CPU
		{B43A6385-0030-4ED6-B1E5-74303D65DEA5}.Release|Any CPU.Build.0 = Release|Any CPU
		{88BDFE37-9C45-406C-9E05-3F190A6EAD57}.Debug|Any CPU.ActiveCfg = Debug|Any CPU
		{88BDFE37-9C45-406C-9E05-3F190A6EAD57}.Debug|Any CPU.Build.0 = Debug|Any CPU
		{88BDFE37-9C45-406C-9E05-3F190A6EAD57}.Release|Any CPU.ActiveCfg = Release|Any CPU
		{88BDFE37-9C45-406C-9E05-3F190A6EAD57}.Release|Any CPU.Build.0 = Release|Any CPU
		{2F9FC475-C45F-4192-9081-A971731E8717}.Debug|Any CPU.ActiveCfg = Debug|Any CPU
		{2F9FC475-C45F-4192-9081-A971731E8717}.Debug|Any CPU.Build.0 = Debug|Any CPU
		{2F9FC475-C45F-4192-9081-A971731E8717}.Release|Any CPU.ActiveCfg = Release|Any CPU
		{2F9FC475-C45F-4192-9081-A971731E8717}.Release|Any CPU.Build.0 = Release|Any CPU
		{89648D2A-FD70-41E4-AC53-517DF19C744F}.Debug|Any CPU.ActiveCfg = Debug|Any CPU
		{89648D2A-FD70-41E4-AC53-517DF19C744F}.Debug|Any CPU.Build.0 = Debug|Any CPU
		{89648D2A-FD70-41E4-AC53-517DF19C744F}.Release|Any CPU.ActiveCfg = Release|Any CPU
		{89648D2A-FD70-41E4-AC53-517DF19C744F}.Release|Any CPU.Build.0 = Release|Any CPU
		{B0AE18F5-52AB-4DB6-8FC5-A7731196F8E0}.Debug|Any CPU.ActiveCfg = Debug|Any CPU
		{B0AE18F5-52AB-4DB6-8FC5-A7731196F8E0}.Debug|Any CPU.Build.0 = Debug|Any CPU
		{B0AE18F5-52AB-4DB6-8FC5-A7731196F8E0}.Release|Any CPU.ActiveCfg = Release|Any CPU
		{B0AE18F5-52AB-4DB6-8FC5-A7731196F8E0}.Release|Any CPU.Build.0 = Release|Any CPU
		{1B44CDA4-B716-4F66-9DAD-509B164C52D8}.Debug|Any CPU.ActiveCfg = Debug|Any CPU
		{1B44CDA4-B716-4F66-9DAD-509B164C52D8}.Debug|Any CPU.Build.0 = Debug|Any CPU
		{1B44CDA4-B716-4F66-9DAD-509B164C52D8}.Release|Any CPU.ActiveCfg = Release|Any CPU
		{1B44CDA4-B716-4F66-9DAD-509B164C52D8}.Release|Any CPU.Build.0 = Release|Any CPU
		{C39FFBAB-0312-4E36-9928-1D400EFC63FE}.Debug|Any CPU.ActiveCfg = Debug|Any CPU
		{C39FFBAB-0312-4E36-9928-1D400EFC63FE}.Debug|Any CPU.Build.0 = Debug|Any CPU
		{C39FFBAB-0312-4E36-9928-1D400EFC63FE}.Release|Any CPU.ActiveCfg = Release|Any CPU
		{C39FFBAB-0312-4E36-9928-1D400EFC63FE}.Release|Any CPU.Build.0 = Release|Any CPU
		{F9C996D4-3947-4450-87E0-054A8A16C66B}.Debug|Any CPU.ActiveCfg = Debug|Any CPU
		{F9C996D4-3947-4450-87E0-054A8A16C66B}.Debug|Any CPU.Build.0 = Debug|Any CPU
		{F9C996D4-3947-4450-87E0-054A8A16C66B}.Release|Any CPU.ActiveCfg = Release|Any CPU
		{F9C996D4-3947-4450-87E0-054A8A16C66B}.Release|Any CPU.Build.0 = Release|Any CPU
		{AF767981-ACCF-4913-B847-886FAB6E2C5B}.Debug|Any CPU.ActiveCfg = Debug|Any CPU
		{AF767981-ACCF-4913-B847-886FAB6E2C5B}.Debug|Any CPU.Build.0 = Debug|Any CPU
		{AF767981-ACCF-4913-B847-886FAB6E2C5B}.Release|Any CPU.ActiveCfg = Release|Any CPU
		{AF767981-ACCF-4913-B847-886FAB6E2C5B}.Release|Any CPU.Build.0 = Release|Any CPU
		{CC28801C-518D-47F7-BF16-EF6B53893824}.Debug|Any CPU.ActiveCfg = Debug|Any CPU
		{CC28801C-518D-47F7-BF16-EF6B53893824}.Debug|Any CPU.Build.0 = Debug|Any CPU
		{CC28801C-518D-47F7-BF16-EF6B53893824}.Release|Any CPU.ActiveCfg = Release|Any CPU
		{CC28801C-518D-47F7-BF16-EF6B53893824}.Release|Any CPU.Build.0 = Release|Any CPU
		{EAA991DB-C085-4A30-8F56-0A6C802EE919}.Debug|Any CPU.ActiveCfg = Debug|Any CPU
		{EAA991DB-C085-4A30-8F56-0A6C802EE919}.Debug|Any CPU.Build.0 = Debug|Any CPU
		{EAA991DB-C085-4A30-8F56-0A6C802EE919}.Release|Any CPU.ActiveCfg = Release|Any CPU
		{EAA991DB-C085-4A30-8F56-0A6C802EE919}.Release|Any CPU.Build.0 = Release|Any CPU
		{67C995EE-28AF-45D5-B675-FE2CDA7BFD9A}.Debug|Any CPU.ActiveCfg = Debug|Any CPU
		{67C995EE-28AF-45D5-B675-FE2CDA7BFD9A}.Debug|Any CPU.Build.0 = Debug|Any CPU
		{67C995EE-28AF-45D5-B675-FE2CDA7BFD9A}.Release|Any CPU.ActiveCfg = Release|Any CPU
		{67C995EE-28AF-45D5-B675-FE2CDA7BFD9A}.Release|Any CPU.Build.0 = Release|Any CPU
		{FD093329-B7D9-43D5-B6A5-871456AB06BF}.Debug|Any CPU.ActiveCfg = Debug|Any CPU
		{FD093329-B7D9-43D5-B6A5-871456AB06BF}.Debug|Any CPU.Build.0 = Debug|Any CPU
		{FD093329-B7D9-43D5-B6A5-871456AB06BF}.Release|Any CPU.ActiveCfg = Release|Any CPU
		{FD093329-B7D9-43D5-B6A5-871456AB06BF}.Release|Any CPU.Build.0 = Release|Any CPU
		{0D1E1C9E-C27B-4CF4-8AD5-E941E1D62E50}.Debug|Any CPU.ActiveCfg = Debug|Any CPU
		{0D1E1C9E-C27B-4CF4-8AD5-E941E1D62E50}.Debug|Any CPU.Build.0 = Debug|Any CPU
		{0D1E1C9E-C27B-4CF4-8AD5-E941E1D62E50}.Release|Any CPU.ActiveCfg = Release|Any CPU
		{0D1E1C9E-C27B-4CF4-8AD5-E941E1D62E50}.Release|Any CPU.Build.0 = Release|Any CPU
		{F9B2443D-1BF4-4D2F-A579-A4634E52B7FB}.Debug|Any CPU.ActiveCfg = Debug|Any CPU
		{F9B2443D-1BF4-4D2F-A579-A4634E52B7FB}.Debug|Any CPU.Build.0 = Debug|Any CPU
		{F9B2443D-1BF4-4D2F-A579-A4634E52B7FB}.Release|Any CPU.ActiveCfg = Release|Any CPU
		{F9B2443D-1BF4-4D2F-A579-A4634E52B7FB}.Release|Any CPU.Build.0 = Release|Any CPU
		{0D0A7270-5D7C-4F5A-9AC8-E08B76DC0B25}.Debug|Any CPU.ActiveCfg = Debug|Any CPU
		{0D0A7270-5D7C-4F5A-9AC8-E08B76DC0B25}.Debug|Any CPU.Build.0 = Debug|Any CPU
		{0D0A7270-5D7C-4F5A-9AC8-E08B76DC0B25}.Release|Any CPU.ActiveCfg = Release|Any CPU
		{0D0A7270-5D7C-4F5A-9AC8-E08B76DC0B25}.Release|Any CPU.Build.0 = Release|Any CPU
		{8BABA3AC-4A34-4DCD-B137-A8484116052D}.Debug|Any CPU.ActiveCfg = Debug|Any CPU
		{8BABA3AC-4A34-4DCD-B137-A8484116052D}.Debug|Any CPU.Build.0 = Debug|Any CPU
		{8BABA3AC-4A34-4DCD-B137-A8484116052D}.Release|Any CPU.ActiveCfg = Release|Any CPU
		{8BABA3AC-4A34-4DCD-B137-A8484116052D}.Release|Any CPU.Build.0 = Release|Any CPU
		{1A7C3413-8F26-4BDA-A98B-1A6F97AA1AC5}.Debug|Any CPU.ActiveCfg = Debug|Any CPU
		{1A7C3413-8F26-4BDA-A98B-1A6F97AA1AC5}.Debug|Any CPU.Build.0 = Debug|Any CPU
		{1A7C3413-8F26-4BDA-A98B-1A6F97AA1AC5}.Release|Any CPU.ActiveCfg = Release|Any CPU
		{1A7C3413-8F26-4BDA-A98B-1A6F97AA1AC5}.Release|Any CPU.Build.0 = Release|Any CPU
		{6BEF92E6-B879-4972-B0BC-FB27975AF166}.Debug|Any CPU.ActiveCfg = Debug|Any CPU
		{6BEF92E6-B879-4972-B0BC-FB27975AF166}.Debug|Any CPU.Build.0 = Debug|Any CPU
		{6BEF92E6-B879-4972-B0BC-FB27975AF166}.Release|Any CPU.ActiveCfg = Release|Any CPU
		{6BEF92E6-B879-4972-B0BC-FB27975AF166}.Release|Any CPU.Build.0 = Release|Any CPU
		{B0EC7CF4-DDD8-493C-BAD3-22D944AD9994}.Debug|Any CPU.ActiveCfg = Debug|Any CPU
		{B0EC7CF4-DDD8-493C-BAD3-22D944AD9994}.Debug|Any CPU.Build.0 = Debug|Any CPU
		{B0EC7CF4-DDD8-493C-BAD3-22D944AD9994}.Release|Any CPU.ActiveCfg = Release|Any CPU
		{B0EC7CF4-DDD8-493C-BAD3-22D944AD9994}.Release|Any CPU.Build.0 = Release|Any CPU
		{DFAFCD16-A9CE-4CB5-963D-399CB1F04B47}.Debug|Any CPU.ActiveCfg = Debug|Any CPU
		{DFAFCD16-A9CE-4CB5-963D-399CB1F04B47}.Debug|Any CPU.Build.0 = Debug|Any CPU
		{DFAFCD16-A9CE-4CB5-963D-399CB1F04B47}.Release|Any CPU.ActiveCfg = Release|Any CPU
		{DFAFCD16-A9CE-4CB5-963D-399CB1F04B47}.Release|Any CPU.Build.0 = Release|Any CPU
		{7C451CAA-F8EE-47DF-A35D-B0918B5968EA}.Debug|Any CPU.ActiveCfg = Debug|Any CPU
		{7C451CAA-F8EE-47DF-A35D-B0918B5968EA}.Debug|Any CPU.Build.0 = Debug|Any CPU
		{7C451CAA-F8EE-47DF-A35D-B0918B5968EA}.Release|Any CPU.ActiveCfg = Release|Any CPU
		{7C451CAA-F8EE-47DF-A35D-B0918B5968EA}.Release|Any CPU.Build.0 = Release|Any CPU
		{AB8D0C89-A736-43B2-9590-31A5F07C479C}.Debug|Any CPU.ActiveCfg = Debug|Any CPU
		{AB8D0C89-A736-43B2-9590-31A5F07C479C}.Debug|Any CPU.Build.0 = Debug|Any CPU
		{AB8D0C89-A736-43B2-9590-31A5F07C479C}.Release|Any CPU.ActiveCfg = Release|Any CPU
		{AB8D0C89-A736-43B2-9590-31A5F07C479C}.Release|Any CPU.Build.0 = Release|Any CPU
		{97C5FB2D-D327-4657-91DA-7119EC1F86A1}.Debug|Any CPU.ActiveCfg = Debug|Any CPU
		{97C5FB2D-D327-4657-91DA-7119EC1F86A1}.Debug|Any CPU.Build.0 = Debug|Any CPU
		{97C5FB2D-D327-4657-91DA-7119EC1F86A1}.Release|Any CPU.ActiveCfg = Release|Any CPU
		{97C5FB2D-D327-4657-91DA-7119EC1F86A1}.Release|Any CPU.Build.0 = Release|Any CPU
		{87DE5723-40F5-48FA-9F46-4E68E8B13264}.Debug|Any CPU.ActiveCfg = Debug|Any CPU
		{87DE5723-40F5-48FA-9F46-4E68E8B13264}.Debug|Any CPU.Build.0 = Debug|Any CPU
		{87DE5723-40F5-48FA-9F46-4E68E8B13264}.Release|Any CPU.ActiveCfg = Release|Any CPU
		{87DE5723-40F5-48FA-9F46-4E68E8B13264}.Release|Any CPU.Build.0 = Release|Any CPU
		{8158EF0F-3B79-4A56-B0CF-69EE976CA8E8}.Debug|Any CPU.ActiveCfg = Debug|Any CPU
		{8158EF0F-3B79-4A56-B0CF-69EE976CA8E8}.Debug|Any CPU.Build.0 = Debug|Any CPU
		{8158EF0F-3B79-4A56-B0CF-69EE976CA8E8}.Release|Any CPU.ActiveCfg = Release|Any CPU
		{8158EF0F-3B79-4A56-B0CF-69EE976CA8E8}.Release|Any CPU.Build.0 = Release|Any CPU
		{CDBB441D-B8C5-4891-AB78-E9CF31FB9CE4}.Debug|Any CPU.ActiveCfg = Debug|Any CPU
		{CDBB441D-B8C5-4891-AB78-E9CF31FB9CE4}.Debug|Any CPU.Build.0 = Debug|Any CPU
		{CDBB441D-B8C5-4891-AB78-E9CF31FB9CE4}.Release|Any CPU.ActiveCfg = Release|Any CPU
		{CDBB441D-B8C5-4891-AB78-E9CF31FB9CE4}.Release|Any CPU.Build.0 = Release|Any CPU
		{2C7E6CAE-9240-4D2C-AB73-319676B0BDDB}.Debug|Any CPU.ActiveCfg = Debug|Any CPU
		{2C7E6CAE-9240-4D2C-AB73-319676B0BDDB}.Debug|Any CPU.Build.0 = Debug|Any CPU
		{2C7E6CAE-9240-4D2C-AB73-319676B0BDDB}.Release|Any CPU.ActiveCfg = Release|Any CPU
		{2C7E6CAE-9240-4D2C-AB73-319676B0BDDB}.Release|Any CPU.Build.0 = Release|Any CPU
		{4A463E66-95E4-4180-ABA7-DCD7BBCDDA87}.Debug|Any CPU.ActiveCfg = Debug|Any CPU
		{4A463E66-95E4-4180-ABA7-DCD7BBCDDA87}.Debug|Any CPU.Build.0 = Debug|Any CPU
		{4A463E66-95E4-4180-ABA7-DCD7BBCDDA87}.Release|Any CPU.ActiveCfg = Release|Any CPU
		{4A463E66-95E4-4180-ABA7-DCD7BBCDDA87}.Release|Any CPU.Build.0 = Release|Any CPU
		{EFED82FE-8455-4F48-91CA-24D069412FDE}.Debug|Any CPU.ActiveCfg = Debug|Any CPU
		{EFED82FE-8455-4F48-91CA-24D069412FDE}.Debug|Any CPU.Build.0 = Debug|Any CPU
		{EFED82FE-8455-4F48-91CA-24D069412FDE}.Release|Any CPU.ActiveCfg = Release|Any CPU
		{EFED82FE-8455-4F48-91CA-24D069412FDE}.Release|Any CPU.Build.0 = Release|Any CPU
		{BDEDAB04-0F59-4ECC-840B-AA3A0ED1A3E2}.Debug|Any CPU.ActiveCfg = Debug|Any CPU
		{BDEDAB04-0F59-4ECC-840B-AA3A0ED1A3E2}.Debug|Any CPU.Build.0 = Debug|Any CPU
		{BDEDAB04-0F59-4ECC-840B-AA3A0ED1A3E2}.Release|Any CPU.ActiveCfg = Release|Any CPU
		{BDEDAB04-0F59-4ECC-840B-AA3A0ED1A3E2}.Release|Any CPU.Build.0 = Release|Any CPU
		{FCBFA0FD-91DF-4C9E-8715-32A0EABD5E08}.Debug|Any CPU.ActiveCfg = Debug|Any CPU
		{FCBFA0FD-91DF-4C9E-8715-32A0EABD5E08}.Debug|Any CPU.Build.0 = Debug|Any CPU
		{FCBFA0FD-91DF-4C9E-8715-32A0EABD5E08}.Release|Any CPU.ActiveCfg = Release|Any CPU
		{FCBFA0FD-91DF-4C9E-8715-32A0EABD5E08}.Release|Any CPU.Build.0 = Release|Any CPU
		{8E76F153-5746-4ED2-9F0E-8ED3500E9814}.Debug|Any CPU.ActiveCfg = Debug|Any CPU
		{8E76F153-5746-4ED2-9F0E-8ED3500E9814}.Debug|Any CPU.Build.0 = Debug|Any CPU
		{8E76F153-5746-4ED2-9F0E-8ED3500E9814}.Release|Any CPU.ActiveCfg = Release|Any CPU
		{8E76F153-5746-4ED2-9F0E-8ED3500E9814}.Release|Any CPU.Build.0 = Release|Any CPU
		{9BC67CB1-E0BA-4616-B93E-7B986AEDBC76}.Debug|Any CPU.ActiveCfg = Debug|Any CPU
		{9BC67CB1-E0BA-4616-B93E-7B986AEDBC76}.Debug|Any CPU.Build.0 = Debug|Any CPU
		{9BC67CB1-E0BA-4616-B93E-7B986AEDBC76}.Release|Any CPU.ActiveCfg = Release|Any CPU
		{9BC67CB1-E0BA-4616-B93E-7B986AEDBC76}.Release|Any CPU.Build.0 = Release|Any CPU
		{13C88B0D-8244-40D5-94A6-EA167ECDED85}.Debug|Any CPU.ActiveCfg = Debug|Any CPU
		{13C88B0D-8244-40D5-94A6-EA167ECDED85}.Debug|Any CPU.Build.0 = Debug|Any CPU
		{13C88B0D-8244-40D5-94A6-EA167ECDED85}.Release|Any CPU.ActiveCfg = Release|Any CPU
		{13C88B0D-8244-40D5-94A6-EA167ECDED85}.Release|Any CPU.Build.0 = Release|Any CPU
	EndGlobalSection
	GlobalSection(SolutionProperties) = preSolution
		HideSolutionNode = FALSE
	EndGlobalSection
	GlobalSection(NestedProjects) = preSolution
		{715584CD-87DA-4F1F-86C3-A3D9AB50EE53} = {A0D83DD0-4DFE-4350-A652-8AB0B0F62F02}
		{BB818792-0B95-477F-AF76-B617088E4B65} = {A0D83DD0-4DFE-4350-A652-8AB0B0F62F02}
		{1B1ADAAB-8B74-4FDA-B7CF-8DAC6F3E18CC} = {A0D83DD0-4DFE-4350-A652-8AB0B0F62F02}
		{66490342-A4D0-4C57-81DC-145C8DF1DF85} = {A0D83DD0-4DFE-4350-A652-8AB0B0F62F02}
		{A0D83DD0-4DFE-4350-A652-8AB0B0F62F02} = {60D61949-4B05-4BAB-9BF7-C8BA2EF905AB}
		{F29B4DD6-60EA-4DB4-BCBF-B25521BAEF89} = {A0D83DD0-4DFE-4350-A652-8AB0B0F62F02}
		{C1D99632-ED4A-4B08-A14D-4C8DB375934F} = {60D61949-4B05-4BAB-9BF7-C8BA2EF905AB}
		{6DC9F6CE-5E60-40F4-9679-73E013FFA1E4} = {C1D99632-ED4A-4B08-A14D-4C8DB375934F}
		{3A372731-484C-4623-AB59-36088939D360} = {A0D83DD0-4DFE-4350-A652-8AB0B0F62F02}
		{6FA852F3-4B39-4FF6-8959-65FAA7A3F31B} = {A0D83DD0-4DFE-4350-A652-8AB0B0F62F02}
		{0C356BF3-F6FB-4288-8C1A-03AC00D68DFA} = {C1D99632-ED4A-4B08-A14D-4C8DB375934F}
		{4587C725-A9C2-44B7-8FF3-D59D39DD0074} = {C1D99632-ED4A-4B08-A14D-4C8DB375934F}
		{21339493-3330-4D2C-9605-0BAA9B675A56} = {C1D99632-ED4A-4B08-A14D-4C8DB375934F}
		{66CCC9F7-75E6-4573-AB6C-1CC3FD8B6981} = {C1D99632-ED4A-4B08-A14D-4C8DB375934F}
		{F75D6FD6-FDE8-4EE7-8462-92B2799CE31D} = {A0D83DD0-4DFE-4350-A652-8AB0B0F62F02}
		{AE391688-AA58-49E1-B0E8-9FDA25DA23BD} = {A0D83DD0-4DFE-4350-A652-8AB0B0F62F02}
		{B43A6385-0030-4ED6-B1E5-74303D65DEA5} = {C1D99632-ED4A-4B08-A14D-4C8DB375934F}
		{88BDFE37-9C45-406C-9E05-3F190A6EAD57} = {30F390DB-B823-40A2-A881-382B9EF36C07}
		{2F9FC475-C45F-4192-9081-A971731E8717} = {C1D99632-ED4A-4B08-A14D-4C8DB375934F}
		{30F390DB-B823-40A2-A881-382B9EF36C07} = {60D61949-4B05-4BAB-9BF7-C8BA2EF905AB}
		{89648D2A-FD70-41E4-AC53-517DF19C744F} = {C1D99632-ED4A-4B08-A14D-4C8DB375934F}
		{B0AE18F5-52AB-4DB6-8FC5-A7731196F8E0} = {C1D99632-ED4A-4B08-A14D-4C8DB375934F}
		{1B44CDA4-B716-4F66-9DAD-509B164C52D8} = {C1D99632-ED4A-4B08-A14D-4C8DB375934F}
		{C39FFBAB-0312-4E36-9928-1D400EFC63FE} = {25BA2234-5778-40BC-9386-9CE87AB87D1F}
		{F9C996D4-3947-4450-87E0-054A8A16C66B} = {25BA2234-5778-40BC-9386-9CE87AB87D1F}
		{AF767981-ACCF-4913-B847-886FAB6E2C5B} = {25BA2234-5778-40BC-9386-9CE87AB87D1F}
		{CC28801C-518D-47F7-BF16-EF6B53893824} = {25BA2234-5778-40BC-9386-9CE87AB87D1F}
		{EAA991DB-C085-4A30-8F56-0A6C802EE919} = {25BA2234-5778-40BC-9386-9CE87AB87D1F}
		{67C995EE-28AF-45D5-B675-FE2CDA7BFD9A} = {25BA2234-5778-40BC-9386-9CE87AB87D1F}
		{FD093329-B7D9-43D5-B6A5-871456AB06BF} = {25BA2234-5778-40BC-9386-9CE87AB87D1F}
		{0D1E1C9E-C27B-4CF4-8AD5-E941E1D62E50} = {25BA2234-5778-40BC-9386-9CE87AB87D1F}
		{F9B2443D-1BF4-4D2F-A579-A4634E52B7FB} = {25BA2234-5778-40BC-9386-9CE87AB87D1F}
		{0D0A7270-5D7C-4F5A-9AC8-E08B76DC0B25} = {25BA2234-5778-40BC-9386-9CE87AB87D1F}
		{8BABA3AC-4A34-4DCD-B137-A8484116052D} = {C1D99632-ED4A-4B08-A14D-4C8DB375934F}
		{1A7C3413-8F26-4BDA-A98B-1A6F97AA1AC5} = {C1D99632-ED4A-4B08-A14D-4C8DB375934F}
		{6BEF92E6-B879-4972-B0BC-FB27975AF166} = {C1D99632-ED4A-4B08-A14D-4C8DB375934F}
		{B0EC7CF4-DDD8-493C-BAD3-22D944AD9994} = {25BA2234-5778-40BC-9386-9CE87AB87D1F}
		{DFAFCD16-A9CE-4CB5-963D-399CB1F04B47} = {C1D99632-ED4A-4B08-A14D-4C8DB375934F}
		{7C451CAA-F8EE-47DF-A35D-B0918B5968EA} = {C1D99632-ED4A-4B08-A14D-4C8DB375934F}
		{AB8D0C89-A736-43B2-9590-31A5F07C479C} = {03FCC663-945D-4982-90D8-B14BE52D8FCD}
		{97C5FB2D-D327-4657-91DA-7119EC1F86A1} = {03FCC663-945D-4982-90D8-B14BE52D8FCD}
		{87DE5723-40F5-48FA-9F46-4E68E8B13264} = {C1D99632-ED4A-4B08-A14D-4C8DB375934F}
		{8158EF0F-3B79-4A56-B0CF-69EE976CA8E8} = {A0D83DD0-4DFE-4350-A652-8AB0B0F62F02}
		{CDBB441D-B8C5-4891-AB78-E9CF31FB9CE4} = {C1D99632-ED4A-4B08-A14D-4C8DB375934F}
		{2C7E6CAE-9240-4D2C-AB73-319676B0BDDB} = {C1D99632-ED4A-4B08-A14D-4C8DB375934F}
		{4A463E66-95E4-4180-ABA7-DCD7BBCDDA87} = {A0D83DD0-4DFE-4350-A652-8AB0B0F62F02}
		{EFED82FE-8455-4F48-91CA-24D069412FDE} = {A0D83DD0-4DFE-4350-A652-8AB0B0F62F02}
		{BDEDAB04-0F59-4ECC-840B-AA3A0ED1A3E2} = {25BA2234-5778-40BC-9386-9CE87AB87D1F}
		{FCBFA0FD-91DF-4C9E-8715-32A0EABD5E08} = {25BA2234-5778-40BC-9386-9CE87AB87D1F}
		{8E76F153-5746-4ED2-9F0E-8ED3500E9814} = {C1D99632-ED4A-4B08-A14D-4C8DB375934F}
		{9BC67CB1-E0BA-4616-B93E-7B986AEDBC76} = {25BA2234-5778-40BC-9386-9CE87AB87D1F}
		{13C88B0D-8244-40D5-94A6-EA167ECDED85} = {25BA2234-5778-40BC-9386-9CE87AB87D1F}
	EndGlobalSection
	GlobalSection(ExtensibilityGlobals) = postSolution
		SolutionGuid = {30E502BD-3826-417F-888F-1CE19CF5C6DA}
	EndGlobalSection
EndGlobal
