
Microsoft Visual Studio Solution File, Format Version 12.00
# Visual Studio 14
VisualStudioVersion = 14.0.25420.1
MinimumVisualStudioVersion = 10.0.40219.1
Project("{FAE04EC0-301F-11D3-BF4B-00C04F79EFBC}") = "ILGPU.SharpDX.SampleBuffer", "ILGPU.SharpDX.SampleBuffer.csproj", "{83299C9F-1A2F-45BF-BB06-E30E0DE8F9A5}"
EndProject
Project("{FAE04EC0-301F-11D3-BF4B-00C04F79EFBC}") = "ILGPU", "..\..\Src\ILGPU\ILGPU.csproj", "{30A409A1-B627-4ED0-9CDD-69BA19996E7B}"
EndProject
Project("{FAE04EC0-301F-11D3-BF4B-00C04F79EFBC}") = "ILGPU.SharpDX", "..\..\Src\ILGPU.SharpDX\ILGPU.SharpDX.csproj", "{16F8A585-71DE-441E-82EF-E6154CF94963}"
EndProject
Project("{FAE04EC0-301F-11D3-BF4B-00C04F79EFBC}") = "LLVMSharp", "..\..\LLVMSharp\LLVMSharp.csproj", "{E230F816-0E92-4AE4-83E4-24D74DEB9609}"
EndProject
Global
	GlobalSection(SolutionConfigurationPlatforms) = preSolution
		Debug|Any CPU = Debug|Any CPU
		Release|Any CPU = Release|Any CPU
	EndGlobalSection
	GlobalSection(ProjectConfigurationPlatforms) = postSolution
		{83299C9F-1A2F-45BF-BB06-E30E0DE8F9A5}.Debug|Any CPU.ActiveCfg = Debug|Any CPU
		{83299C9F-1A2F-45BF-BB06-E30E0DE8F9A5}.Debug|Any CPU.Build.0 = Debug|Any CPU
		{83299C9F-1A2F-45BF-BB06-E30E0DE8F9A5}.Release|Any CPU.ActiveCfg = Release|Any CPU
		{83299C9F-1A2F-45BF-BB06-E30E0DE8F9A5}.Release|Any CPU.Build.0 = Release|Any CPU
		{30A409A1-B627-4ED0-9CDD-69BA19996E7B}.Debug|Any CPU.ActiveCfg = Debug|Any CPU
		{30A409A1-B627-4ED0-9CDD-69BA19996E7B}.Debug|Any CPU.Build.0 = Debug|Any CPU
		{30A409A1-B627-4ED0-9CDD-69BA19996E7B}.Release|Any CPU.ActiveCfg = Release|Any CPU
		{30A409A1-B627-4ED0-9CDD-69BA19996E7B}.Release|Any CPU.Build.0 = Release|Any CPU
		{16F8A585-71DE-441E-82EF-E6154CF94963}.Debug|Any CPU.ActiveCfg = Debug|Any CPU
		{16F8A585-71DE-441E-82EF-E6154CF94963}.Debug|Any CPU.Build.0 = Debug|Any CPU
		{16F8A585-71DE-441E-82EF-E6154CF94963}.Release|Any CPU.ActiveCfg = Release|Any CPU
		{16F8A585-71DE-441E-82EF-E6154CF94963}.Release|Any CPU.Build.0 = Release|Any CPU
		{E230F816-0E92-4AE4-83E4-24D74DEB9609}.Debug|Any CPU.ActiveCfg = Debug|Any CPU
		{E230F816-0E92-4AE4-83E4-24D74DEB9609}.Debug|Any CPU.Build.0 = Debug|Any CPU
		{E230F816-0E92-4AE4-83E4-24D74DEB9609}.Release|Any CPU.ActiveCfg = Release|Any CPU
		{E230F816-0E92-4AE4-83E4-24D74DEB9609}.Release|Any CPU.Build.0 = Release|Any CPU
	EndGlobalSection
	GlobalSection(SolutionProperties) = preSolution
		HideSolutionNode = FALSE
	EndGlobalSection
EndGlobal
