
Microsoft Visual Studio Solution File, Format Version 12.00
# Visual Studio Version 17
VisualStudioVersion = 17.4.33213.308
MinimumVisualStudioVersion = 10.0.40219.1
Project("{9A19103F-16F7-4668-BE54-9A1E7A4F7556}") = "CudaVersionUpdateTool", "CudaVersionUpdateTool.csproj", "{A55D7D47-9A1F-4AD4-B28A-044A8C1BBEBE}"
EndProject
Global
	GlobalSection(SolutionConfigurationPlatforms) = preSolution
		Debug|Any CPU = Debug|Any CPU
		Release|Any CPU = Release|Any CPU
	EndGlobalSection
	GlobalSection(ProjectConfigurationPlatforms) = postSolution
		{A55D7D47-9A1F-4AD4-B28A-044A8C1BBEBE}.Debug|Any CPU.ActiveCfg = Debug|Any CPU
		{A55D7D47-9A1F-4AD4-B28A-044A8C1BBEBE}.Debug|Any CPU.Build.0 = Debug|Any CPU
		{A55D7D47-9A1F-4AD4-B28A-044A8C1BBEBE}.Release|Any CPU.ActiveCfg = Release|Any CPU
		{A55D7D47-9A1F-4AD4-B28A-044A8C1BBEBE}.Release|Any CPU.Build.0 = Release|Any CPU
	EndGlobalSection
	GlobalSection(SolutionProperties) = preSolution
		HideSolutionNode = FALSE
	EndGlobalSection
	GlobalSection(ExtensibilityGlobals) = postSolution
		SolutionGuid = {82EED841-B9AF-4B4F-BDB5-BFAB6C4559C6}
	EndGlobalSection
EndGlobal
