
Microsoft Visual Studio Solution File, Format Version 12.00
# Visual Studio Version 17
VisualStudioVersion = 17.4.33213.308
MinimumVisualStudioVersion = 10.0.40219.1
Project("{9A19103F-16F7-4668-BE54-9A1E7A4F7556}") = "CudaVersionUpdateTool", "CudaVersionUpdateTool\CudaVersionUpdateTool.csproj", "{A55D7D47-9A1F-4AD4-B28A-044A8C1BBEBE}"
EndProject
Project("{9A19103F-16F7-4668-BE54-9A1E7A4F7556}") = "CopyrightUpdateTool", "CopyrightUpdateTool\CopyrightUpdateTool.csproj", "{2F92ECC4-CE02-4B1A-8B59-DC866185DA69}"
EndProject
Project("{2150E333-8FDC-42A3-9474-1A3956D46DE8}") = "CheckStyles", "CheckStyles", "{503D5937-64D5-43F3-B5E4-7B85F264090B}"
	ProjectSection(SolutionItems) = preProject
		CheckStyles\ILGPU.CheckStyles.targets = CheckStyles\ILGPU.CheckStyles.targets
	EndProjectSection
EndProject
Project("{2150E333-8FDC-42A3-9474-1A3956D46DE8}") = "GenerateCompatibilitySuppressionFiles", "GenerateCompatibilitySuppressionFiles", "{8C2B2AC9-288D-4FB1-A654-1390125662F5}"
	ProjectSection(SolutionItems) = preProject
		GenerateCompatibilitySuppressionFiles\GenerateCompatibilitySuppressionFiles.ps1 = GenerateCompatibilitySuppressionFiles\GenerateCompatibilitySuppressionFiles.ps1
	EndProjectSection
EndProject
Project("{FAE04EC0-301F-11D3-BF4B-00C04F79EFBC}") = "SPIRVGenerationTool", "SPIRVGenerationTool\SPIRVGenerationTool.csproj", "{80F7A795-40B3-40D3-975F-66E986F7C8A3}"
EndProject
Global
	GlobalSection(SolutionConfigurationPlatforms) = preSolution
		Debug|Any CPU = Debug|Any CPU
		Release|Any CPU = Release|Any CPU
	EndGlobalSection
	GlobalSection(ProjectConfigurationPlatforms) = postSolution
		{A55D7D47-9A1F-4AD4-B28A-044A8C1BBEBE}.Debug|Any CPU.ActiveCfg = Debug|Any CPU
		{A55D7D47-9A1F-4AD4-B28A-044A8C1BBEBE}.Debug|Any CPU.Build.0 = Debug|Any CPU
		{A55D7D47-9A1F-4AD4-B28A-044A8C1BBEBE}.Release|Any CPU.ActiveCfg = Release|Any CPU
		{A55D7D47-9A1F-4AD4-B28A-044A8C1BBEBE}.Release|Any CPU.Build.0 = Release|Any CPU
		{2F92ECC4-CE02-4B1A-8B59-DC866185DA69}.Debug|Any CPU.ActiveCfg = Debug|Any CPU
		{2F92ECC4-CE02-4B1A-8B59-DC866185DA69}.Debug|Any CPU.Build.0 = Debug|Any CPU
		{2F92ECC4-CE02-4B1A-8B59-DC866185DA69}.Release|Any CPU.ActiveCfg = Release|Any CPU
		{2F92ECC4-CE02-4B1A-8B59-DC866185DA69}.Release|Any CPU.Build.0 = Release|Any CPU
		{80F7A795-40B3-40D3-975F-66E986F7C8A3}.Debug|Any CPU.ActiveCfg = Debug|Any CPU
		{80F7A795-40B3-40D3-975F-66E986F7C8A3}.Debug|Any CPU.Build.0 = Debug|Any CPU
		{80F7A795-40B3-40D3-975F-66E986F7C8A3}.Release|Any CPU.ActiveCfg = Release|Any CPU
		{80F7A795-40B3-40D3-975F-66E986F7C8A3}.Release|Any CPU.Build.0 = Release|Any CPU
	EndGlobalSection
	GlobalSection(SolutionProperties) = preSolution
		HideSolutionNode = FALSE
	EndGlobalSection
	GlobalSection(ExtensibilityGlobals) = postSolution
		SolutionGuid = {82EED841-B9AF-4B4F-BDB5-BFAB6C4559C6}
	EndGlobalSection
EndGlobal
