
Microsoft Visual Studio Solution File, Format Version 12.00
# Visual Studio Version 16
VisualStudioVersion = 16.0.29424.173
MinimumVisualStudioVersion = 10.0.40219.1
Project("{2150E333-8FDC-42A3-9474-1A3956D46DE8}") = "Nuget", "Nuget", "{A374B733-93D0-4BD7-97DA-7A677D5C68E0}"
	ProjectSection(SolutionItems) = preProject
		..\.nuget\ILGPU.Algorithms.nuspec = ..\.nuget\ILGPU.Algorithms.nuspec
		..\.nuget\ILGPU.Algorithms.targets = ..\.nuget\ILGPU.Algorithms.targets
	EndProjectSection
EndProject
Project("{9A19103F-16F7-4668-BE54-9A1E7A4F7556}") = "ILGPU.Algorithms", "ILGPU.Algorithms\ILGPU.Algorithms.csproj", "{89B89E70-2720-4069-B0FD-50E6A2AE30E3}"
EndProject
Project("{9A19103F-16F7-4668-BE54-9A1E7A4F7556}") = "ILGPU.Algorithms.Tests", "ILGPU.Algorithms.Tests\ILGPU.Algorithms.Tests.csproj", "{DA2F560D-FED2-4D87-B10B-B74EABD9512C}"
EndProject
Project("{2150E333-8FDC-42A3-9474-1A3956D46DE8}") = "Tests", "Tests", "{48551B26-0126-4171-A878-27372D05D1BA}"
EndProject
Project("{9A19103F-16F7-4668-BE54-9A1E7A4F7556}") = "ILGPU.Algorithms.Tests.CPU", "ILGPU.Algorithms.Tests.CPU\ILGPU.Algorithms.Tests.CPU.csproj", "{E4FC7717-F619-4ED5-A008-860FFB8AF568}"
EndProject
Project("{9A19103F-16F7-4668-BE54-9A1E7A4F7556}") = "ILGPU.Algorithms.Tests.Cuda", "ILGPU.Algorithms.Tests.Cuda\ILGPU.Algorithms.Tests.Cuda.csproj", "{99189BD9-6604-4278-BE6C-F9FE70BCADB6}"
EndProject
Project("{9A19103F-16F7-4668-BE54-9A1E7A4F7556}") = "ILGPU.Algorithms.Tests.OpenCL", "ILGPU.Algorithms.Tests.OpenCL\ILGPU.Algorithms.Tests.OpenCL.csproj", "{7FD1337D-2CD4-4DF3-804E-DFFD56F1EBFF}"
EndProject
Project("{9A19103F-16F7-4668-BE54-9A1E7A4F7556}") = "ILGPU", "..\ILGPU\Src\ILGPU\ILGPU.csproj", "{77FA43B8-02BE-4716-9154-EAB4F9BBC72D}"
EndProject
Project("{9A19103F-16F7-4668-BE54-9A1E7A4F7556}") = "ILGPU.Tests", "..\ILGPU\Src\ILGPU.Tests\ILGPU.Tests.csproj", "{761323F2-38AA-4388-83CB-3B682E89A2B1}"
EndProject
Global
	GlobalSection(SolutionConfigurationPlatforms) = preSolution
		Debug|Any CPU = Debug|Any CPU
		Release|Any CPU = Release|Any CPU
	EndGlobalSection
	GlobalSection(ProjectConfigurationPlatforms) = postSolution
		{89B89E70-2720-4069-B0FD-50E6A2AE30E3}.Debug|Any CPU.ActiveCfg = Debug|Any CPU
		{89B89E70-2720-4069-B0FD-50E6A2AE30E3}.Debug|Any CPU.Build.0 = Debug|Any CPU
		{89B89E70-2720-4069-B0FD-50E6A2AE30E3}.Release|Any CPU.ActiveCfg = Release|Any CPU
		{89B89E70-2720-4069-B0FD-50E6A2AE30E3}.Release|Any CPU.Build.0 = Release|Any CPU
		{DA2F560D-FED2-4D87-B10B-B74EABD9512C}.Debug|Any CPU.ActiveCfg = Debug|Any CPU
		{DA2F560D-FED2-4D87-B10B-B74EABD9512C}.Debug|Any CPU.Build.0 = Debug|Any CPU
		{DA2F560D-FED2-4D87-B10B-B74EABD9512C}.Release|Any CPU.ActiveCfg = Release|Any CPU
		{DA2F560D-FED2-4D87-B10B-B74EABD9512C}.Release|Any CPU.Build.0 = Release|Any CPU
		{E4FC7717-F619-4ED5-A008-860FFB8AF568}.Debug|Any CPU.ActiveCfg = Debug|Any CPU
		{E4FC7717-F619-4ED5-A008-860FFB8AF568}.Debug|Any CPU.Build.0 = Debug|Any CPU
		{E4FC7717-F619-4ED5-A008-860FFB8AF568}.Release|Any CPU.ActiveCfg = Release|Any CPU
		{E4FC7717-F619-4ED5-A008-860FFB8AF568}.Release|Any CPU.Build.0 = Release|Any CPU
		{99189BD9-6604-4278-BE6C-F9FE70BCADB6}.Debug|Any CPU.ActiveCfg = Debug|Any CPU
		{99189BD9-6604-4278-BE6C-F9FE70BCADB6}.Debug|Any CPU.Build.0 = Debug|Any CPU
		{99189BD9-6604-4278-BE6C-F9FE70BCADB6}.Release|Any CPU.ActiveCfg = Release|Any CPU
		{99189BD9-6604-4278-BE6C-F9FE70BCADB6}.Release|Any CPU.Build.0 = Release|Any CPU
		{7FD1337D-2CD4-4DF3-804E-DFFD56F1EBFF}.Debug|Any CPU.ActiveCfg = Debug|Any CPU
		{7FD1337D-2CD4-4DF3-804E-DFFD56F1EBFF}.Debug|Any CPU.Build.0 = Debug|Any CPU
		{7FD1337D-2CD4-4DF3-804E-DFFD56F1EBFF}.Release|Any CPU.ActiveCfg = Release|Any CPU
		{7FD1337D-2CD4-4DF3-804E-DFFD56F1EBFF}.Release|Any CPU.Build.0 = Release|Any CPU
		{77FA43B8-02BE-4716-9154-EAB4F9BBC72D}.Debug|Any CPU.ActiveCfg = Debug|Any CPU
		{77FA43B8-02BE-4716-9154-EAB4F9BBC72D}.Debug|Any CPU.Build.0 = Debug|Any CPU
		{77FA43B8-02BE-4716-9154-EAB4F9BBC72D}.Release|Any CPU.ActiveCfg = Release|Any CPU
		{77FA43B8-02BE-4716-9154-EAB4F9BBC72D}.Release|Any CPU.Build.0 = Release|Any CPU
		{761323F2-38AA-4388-83CB-3B682E89A2B1}.Debug|Any CPU.ActiveCfg = Debug|Any CPU
		{761323F2-38AA-4388-83CB-3B682E89A2B1}.Debug|Any CPU.Build.0 = Debug|Any CPU
		{761323F2-38AA-4388-83CB-3B682E89A2B1}.Release|Any CPU.ActiveCfg = Release|Any CPU
		{761323F2-38AA-4388-83CB-3B682E89A2B1}.Release|Any CPU.Build.0 = Release|Any CPU
	EndGlobalSection
	GlobalSection(SolutionProperties) = preSolution
		HideSolutionNode = FALSE
	EndGlobalSection
	GlobalSection(NestedProjects) = preSolution
		{DA2F560D-FED2-4D87-B10B-B74EABD9512C} = {48551B26-0126-4171-A878-27372D05D1BA}
		{E4FC7717-F619-4ED5-A008-860FFB8AF568} = {48551B26-0126-4171-A878-27372D05D1BA}
		{99189BD9-6604-4278-BE6C-F9FE70BCADB6} = {48551B26-0126-4171-A878-27372D05D1BA}
		{7FD1337D-2CD4-4DF3-804E-DFFD56F1EBFF} = {48551B26-0126-4171-A878-27372D05D1BA}
		{761323F2-38AA-4388-83CB-3B682E89A2B1} = {48551B26-0126-4171-A878-27372D05D1BA}
	EndGlobalSection
	GlobalSection(ExtensibilityGlobals) = postSolution
		SolutionGuid = {E123F77E-B3AF-4C32-A183-E63F8DEF5BA7}
	EndGlobalSection
EndGlobal
