
Microsoft Visual Studio Solution File, Format Version 12.00
# Visual Studio 15
VisualStudioVersion = 15.0.27130.2020
MinimumVisualStudioVersion = 10.0.40219.1
Project("{9A19103F-16F7-4668-BE54-9A1E7A4F7556}") = "ILGPU", "ILGPU\ILGPU.csproj", "{30A409A1-B627-4ED0-9CDD-69BA19996E7B}"
EndProject
Project("{2150E333-8FDC-42A3-9474-1A3956D46DE8}") = "Nuget", "Nuget", "{CF6CEEF5-1BFF-4A2B-8506-D62DE6D410EE}"
	ProjectSection(SolutionItems) = preProject
		..\.nuget\ILGPU.nuspec = ..\.nuget\ILGPU.nuspec
		..\.nuget\ILGPU.targets = ..\.nuget\ILGPU.targets
	EndProjectSection
EndProject
Project("{9A19103F-16F7-4668-BE54-9A1E7A4F7556}") = "ILGPU.Tests", "..\Tests\ILGPU.Tests\ILGPU.Tests.csproj", "{FD2580D6-C051-4F6B-8208-EE0EAAFD6392}"
EndProject
Project("{9A19103F-16F7-4668-BE54-9A1E7A4F7556}") = "ILGPU.Tests.CPU", "..\Tests\ILGPU.Tests.CPU\ILGPU.Tests.CPU.csproj", "{117DCB1E-B3DB-409C-9031-8B5A6CE7F938}"
EndProject
Project("{9A19103F-16F7-4668-BE54-9A1E7A4F7556}") = "ILGPU.Tests.Cuda", "..\Tests\ILGPU.Tests.Cuda\ILGPU.Tests.Cuda.csproj", "{927DA9E6-2219-4570-AEA2-CCC140915758}"
EndProject
Project("{2150E333-8FDC-42A3-9474-1A3956D46DE8}") = "Tests", "Tests", "{7701FE3C-4187-401C-9612-44667203B0E5}"
EndProject
Global
	GlobalSection(SolutionConfigurationPlatforms) = preSolution
		Debug|Any CPU = Debug|Any CPU
		Debug|x64 = Debug|x64
		Debug|x86 = Debug|x86
		Release|Any CPU = Release|Any CPU
		Release|x64 = Release|x64
		Release|x86 = Release|x86
	EndGlobalSection
	GlobalSection(ProjectConfigurationPlatforms) = postSolution
		{30A409A1-B627-4ED0-9CDD-69BA19996E7B}.Debug|Any CPU.ActiveCfg = Debug|Any CPU
		{30A409A1-B627-4ED0-9CDD-69BA19996E7B}.Debug|Any CPU.Build.0 = Debug|Any CPU
		{30A409A1-B627-4ED0-9CDD-69BA19996E7B}.Debug|x64.ActiveCfg = Debug|Any CPU
		{30A409A1-B627-4ED0-9CDD-69BA19996E7B}.Debug|x64.Build.0 = Debug|Any CPU
		{30A409A1-B627-4ED0-9CDD-69BA19996E7B}.Debug|x86.ActiveCfg = Debug|Any CPU
		{30A409A1-B627-4ED0-9CDD-69BA19996E7B}.Debug|x86.Build.0 = Debug|Any CPU
		{30A409A1-B627-4ED0-9CDD-69BA19996E7B}.Release|Any CPU.ActiveCfg = Release|Any CPU
		{30A409A1-B627-4ED0-9CDD-69BA19996E7B}.Release|Any CPU.Build.0 = Release|Any CPU
		{30A409A1-B627-4ED0-9CDD-69BA19996E7B}.Release|x64.ActiveCfg = Release|Any CPU
		{30A409A1-B627-4ED0-9CDD-69BA19996E7B}.Release|x64.Build.0 = Release|Any CPU
		{30A409A1-B627-4ED0-9CDD-69BA19996E7B}.Release|x86.ActiveCfg = Release|Any CPU
		{30A409A1-B627-4ED0-9CDD-69BA19996E7B}.Release|x86.Build.0 = Release|Any CPU
		{FD2580D6-C051-4F6B-8208-EE0EAAFD6392}.Debug|Any CPU.ActiveCfg = Debug|Any CPU
		{FD2580D6-C051-4F6B-8208-EE0EAAFD6392}.Debug|Any CPU.Build.0 = Debug|Any CPU
		{FD2580D6-C051-4F6B-8208-EE0EAAFD6392}.Debug|x64.ActiveCfg = Debug|Any CPU
		{FD2580D6-C051-4F6B-8208-EE0EAAFD6392}.Debug|x64.Build.0 = Debug|Any CPU
		{FD2580D6-C051-4F6B-8208-EE0EAAFD6392}.Debug|x86.ActiveCfg = Debug|Any CPU
		{FD2580D6-C051-4F6B-8208-EE0EAAFD6392}.Debug|x86.Build.0 = Debug|Any CPU
		{FD2580D6-C051-4F6B-8208-EE0EAAFD6392}.Release|Any CPU.ActiveCfg = Release|Any CPU
		{FD2580D6-C051-4F6B-8208-EE0EAAFD6392}.Release|Any CPU.Build.0 = Release|Any CPU
		{FD2580D6-C051-4F6B-8208-EE0EAAFD6392}.Release|x64.ActiveCfg = Release|Any CPU
		{FD2580D6-C051-4F6B-8208-EE0EAAFD6392}.Release|x64.Build.0 = Release|Any CPU
		{FD2580D6-C051-4F6B-8208-EE0EAAFD6392}.Release|x86.ActiveCfg = Release|Any CPU
		{FD2580D6-C051-4F6B-8208-EE0EAAFD6392}.Release|x86.Build.0 = Release|Any CPU
		{117DCB1E-B3DB-409C-9031-8B5A6CE7F938}.Debug|Any CPU.ActiveCfg = Debug|Any CPU
		{117DCB1E-B3DB-409C-9031-8B5A6CE7F938}.Debug|Any CPU.Build.0 = Debug|Any CPU
		{117DCB1E-B3DB-409C-9031-8B5A6CE7F938}.Debug|x64.ActiveCfg = Debug|Any CPU
		{117DCB1E-B3DB-409C-9031-8B5A6CE7F938}.Debug|x64.Build.0 = Debug|Any CPU
		{117DCB1E-B3DB-409C-9031-8B5A6CE7F938}.Debug|x86.ActiveCfg = Debug|Any CPU
		{117DCB1E-B3DB-409C-9031-8B5A6CE7F938}.Debug|x86.Build.0 = Debug|Any CPU
		{117DCB1E-B3DB-409C-9031-8B5A6CE7F938}.Release|Any CPU.ActiveCfg = Release|Any CPU
		{117DCB1E-B3DB-409C-9031-8B5A6CE7F938}.Release|Any CPU.Build.0 = Release|Any CPU
		{117DCB1E-B3DB-409C-9031-8B5A6CE7F938}.Release|x64.ActiveCfg = Release|Any CPU
		{117DCB1E-B3DB-409C-9031-8B5A6CE7F938}.Release|x64.Build.0 = Release|Any CPU
		{117DCB1E-B3DB-409C-9031-8B5A6CE7F938}.Release|x86.ActiveCfg = Release|Any CPU
		{117DCB1E-B3DB-409C-9031-8B5A6CE7F938}.Release|x86.Build.0 = Release|Any CPU
		{927DA9E6-2219-4570-AEA2-CCC140915758}.Debug|Any CPU.ActiveCfg = Debug|Any CPU
		{927DA9E6-2219-4570-AEA2-CCC140915758}.Debug|Any CPU.Build.0 = Debug|Any CPU
		{927DA9E6-2219-4570-AEA2-CCC140915758}.Debug|x64.ActiveCfg = Debug|Any CPU
		{927DA9E6-2219-4570-AEA2-CCC140915758}.Debug|x64.Build.0 = Debug|Any CPU
		{927DA9E6-2219-4570-AEA2-CCC140915758}.Debug|x86.ActiveCfg = Debug|Any CPU
		{927DA9E6-2219-4570-AEA2-CCC140915758}.Debug|x86.Build.0 = Debug|Any CPU
		{927DA9E6-2219-4570-AEA2-CCC140915758}.Release|Any CPU.ActiveCfg = Release|Any CPU
		{927DA9E6-2219-4570-AEA2-CCC140915758}.Release|Any CPU.Build.0 = Release|Any CPU
		{927DA9E6-2219-4570-AEA2-CCC140915758}.Release|x64.ActiveCfg = Release|Any CPU
		{927DA9E6-2219-4570-AEA2-CCC140915758}.Release|x64.Build.0 = Release|Any CPU
		{927DA9E6-2219-4570-AEA2-CCC140915758}.Release|x86.ActiveCfg = Release|Any CPU
		{927DA9E6-2219-4570-AEA2-CCC140915758}.Release|x86.Build.0 = Release|Any CPU
	EndGlobalSection
	GlobalSection(SolutionProperties) = preSolution
		HideSolutionNode = FALSE
	EndGlobalSection
	GlobalSection(NestedProjects) = preSolution
		{FD2580D6-C051-4F6B-8208-EE0EAAFD6392} = {7701FE3C-4187-401C-9612-44667203B0E5}
		{117DCB1E-B3DB-409C-9031-8B5A6CE7F938} = {7701FE3C-4187-401C-9612-44667203B0E5}
		{927DA9E6-2219-4570-AEA2-CCC140915758} = {7701FE3C-4187-401C-9612-44667203B0E5}
	EndGlobalSection
	GlobalSection(ExtensibilityGlobals) = postSolution
		SolutionGuid = {22270DEE-D42D-479D-A76F-B2E7A5F7C949}
	EndGlobalSection
EndGlobal
