
Microsoft Visual Studio Solution File, Format Version 12.00
# Visual Studio Version 17
VisualStudioVersion = 17.5.33516.290
MinimumVisualStudioVersion = 10.0.40219.1
Project("{9A19103F-16F7-4668-BE54-9A1E7A4F7556}") = "ILGPU", "ILGPU\ILGPU.csproj", "{30A409A1-B627-4ED0-9CDD-69BA19996E7B}"
	ProjectSection(ProjectDependencies) = postProject
		{ED6D4369-EC01-4822-B94E-6C3DCFD26A35} = {ED6D4369-EC01-4822-B94E-6C3DCFD26A35}
	EndProjectSection
EndProject
Project("{9A19103F-16F7-4668-BE54-9A1E7A4F7556}") = "ILGPU.Tests", "ILGPU.Tests\ILGPU.Tests.csproj", "{FD2580D6-C051-4F6B-8208-EE0EAAFD6392}"
EndProject
Project("{9A19103F-16F7-4668-BE54-9A1E7A4F7556}") = "ILGPU.Tests.CPU", "ILGPU.Tests.CPU\ILGPU.Tests.CPU.csproj", "{117DCB1E-B3DB-409C-9031-8B5A6CE7F938}"
EndProject
Project("{9A19103F-16F7-4668-BE54-9A1E7A4F7556}") = "ILGPU.Tests.Cuda", "ILGPU.Tests.Cuda\ILGPU.Tests.Cuda.csproj", "{927DA9E6-2219-4570-AEA2-CCC140915758}"
EndProject
Project("{2150E333-8FDC-42A3-9474-1A3956D46DE8}") = "Tests", "Tests", "{7701FE3C-4187-401C-9612-44667203B0E5}"
EndProject
Project("{9A19103F-16F7-4668-BE54-9A1E7A4F7556}") = "ILGPU.Tests.OpenCL", "ILGPU.Tests.OpenCL\ILGPU.Tests.OpenCL.csproj", "{9C5BDDD0-CC7D-43D9-881F-C21BD5CB261B}"
EndProject
Project("{9A19103F-16F7-4668-BE54-9A1E7A4F7556}") = "ILGPU.Algorithms", "ILGPU.Algorithms\ILGPU.Algorithms.csproj", "{A30DD4B9-C127-4B9A-B71D-63036E7C3BB5}"
EndProject
Project("{9A19103F-16F7-4668-BE54-9A1E7A4F7556}") = "ILGPU.Algorithms.Tests.CPU", "ILGPU.Algorithms.Tests.CPU\ILGPU.Algorithms.Tests.CPU.csproj", "{AE62AE60-A980-40D7-90CD-60D8606DEE42}"
EndProject
Project("{9A19103F-16F7-4668-BE54-9A1E7A4F7556}") = "ILGPU.Algorithms.Tests.Cuda", "ILGPU.Algorithms.Tests.Cuda\ILGPU.Algorithms.Tests.Cuda.csproj", "{AA73D3B1-873F-4A79-8347-E0781E382FF8}"
EndProject
Project("{9A19103F-16F7-4668-BE54-9A1E7A4F7556}") = "ILGPU.Algorithms.Tests.OpenCL", "ILGPU.Algorithms.Tests.OpenCL\ILGPU.Algorithms.Tests.OpenCL.csproj", "{6ED7EDA1-E6DA-4867-8084-C0327EEFB7A9}"
EndProject
Project("{9A19103F-16F7-4668-BE54-9A1E7A4F7556}") = "ILGPU.Algorithms.Tests", "ILGPU.Algorithms.Tests\ILGPU.Algorithms.Tests.csproj", "{18F2225C-82FD-4B01-8AF9-CF746D16EDA1}"
EndProject
Project("{FAE04EC0-301F-11D3-BF4B-00C04F79EFBC}") = "ILGPU.Tests.Velocity", "ILGPU.Tests.Velocity\ILGPU.Tests.Velocity.csproj", "{4AFD2AAD-FA52-43EA-B9A8-10E948F9A139}"
EndProject
Project("{9A19103F-16F7-4668-BE54-9A1E7A4F7556}") = "ILGPU.Analyzers.Tests", "ILGPU.Analyzers.Tests\ILGPU.Analyzers.Tests.csproj", "{B0101B27-F153-4041-8DEE-741B651453D5}"
EndProject
Project("{9A19103F-16F7-4668-BE54-9A1E7A4F7556}") = "ILGPU.Analyzers", "ILGPU.Analyzers\ILGPU.Analyzers.csproj", "{ED6D4369-EC01-4822-B94E-6C3DCFD26A35}"
EndProject
Project("{FAE04EC0-301F-11D3-BF4B-00C04F79EFBC}") = "ILGPU.Tests.Velocity128", "ILGPU.Tests.Velocity128\ILGPU.Tests.Velocity128.csproj", "{422BA1AE-858D-4AA4-815B-CF42A429D305}"
EndProject
Project("{FAE04EC0-301F-11D3-BF4B-00C04F79EFBC}") = "ILGPU.Tests.Velocity256", "ILGPU.Tests.Velocity256\ILGPU.Tests.Velocity256.csproj", "{F24B884D-A64B-4511-85B6-FEEDA92CBBA1}"
EndProject
Global
	GlobalSection(SolutionConfigurationPlatforms) = preSolution
		Debug|Any CPU = Debug|Any CPU
		Release|Any CPU = Release|Any CPU
	EndGlobalSection
	GlobalSection(ProjectConfigurationPlatforms) = postSolution
		{30A409A1-B627-4ED0-9CDD-69BA19996E7B}.Debug|Any CPU.ActiveCfg = Debug|Any CPU
		{30A409A1-B627-4ED0-9CDD-69BA19996E7B}.Debug|Any CPU.Build.0 = Debug|Any CPU
		{30A409A1-B627-4ED0-9CDD-69BA19996E7B}.Release|Any CPU.ActiveCfg = Release|Any CPU
		{30A409A1-B627-4ED0-9CDD-69BA19996E7B}.Release|Any CPU.Build.0 = Release|Any CPU
		{FD2580D6-C051-4F6B-8208-EE0EAAFD6392}.Debug|Any CPU.ActiveCfg = Debug|Any CPU
		{FD2580D6-C051-4F6B-8208-EE0EAAFD6392}.Debug|Any CPU.Build.0 = Debug|Any CPU
		{FD2580D6-C051-4F6B-8208-EE0EAAFD6392}.Release|Any CPU.ActiveCfg = Release|Any CPU
		{FD2580D6-C051-4F6B-8208-EE0EAAFD6392}.Release|Any CPU.Build.0 = Release|Any CPU
		{117DCB1E-B3DB-409C-9031-8B5A6CE7F938}.Debug|Any CPU.ActiveCfg = Debug|Any CPU
		{117DCB1E-B3DB-409C-9031-8B5A6CE7F938}.Debug|Any CPU.Build.0 = Debug|Any CPU
		{117DCB1E-B3DB-409C-9031-8B5A6CE7F938}.Release|Any CPU.ActiveCfg = Release|Any CPU
		{117DCB1E-B3DB-409C-9031-8B5A6CE7F938}.Release|Any CPU.Build.0 = Release|Any CPU
		{927DA9E6-2219-4570-AEA2-CCC140915758}.Debug|Any CPU.ActiveCfg = Debug|Any CPU
		{927DA9E6-2219-4570-AEA2-CCC140915758}.Debug|Any CPU.Build.0 = Debug|Any CPU
		{927DA9E6-2219-4570-AEA2-CCC140915758}.Release|Any CPU.ActiveCfg = Release|Any CPU
		{927DA9E6-2219-4570-AEA2-CCC140915758}.Release|Any CPU.Build.0 = Release|Any CPU
		{9C5BDDD0-CC7D-43D9-881F-C21BD5CB261B}.Debug|Any CPU.ActiveCfg = Debug|Any CPU
		{9C5BDDD0-CC7D-43D9-881F-C21BD5CB261B}.Debug|Any CPU.Build.0 = Debug|Any CPU
		{9C5BDDD0-CC7D-43D9-881F-C21BD5CB261B}.Release|Any CPU.ActiveCfg = Release|Any CPU
		{9C5BDDD0-CC7D-43D9-881F-C21BD5CB261B}.Release|Any CPU.Build.0 = Release|Any CPU
		{A30DD4B9-C127-4B9A-B71D-63036E7C3BB5}.Debug|Any CPU.ActiveCfg = Debug|Any CPU
		{A30DD4B9-C127-4B9A-B71D-63036E7C3BB5}.Debug|Any CPU.Build.0 = Debug|Any CPU
		{A30DD4B9-C127-4B9A-B71D-63036E7C3BB5}.Release|Any CPU.ActiveCfg = Release|Any CPU
		{A30DD4B9-C127-4B9A-B71D-63036E7C3BB5}.Release|Any CPU.Build.0 = Release|Any CPU
		{AE62AE60-A980-40D7-90CD-60D8606DEE42}.Debug|Any CPU.ActiveCfg = Debug|Any CPU
		{AE62AE60-A980-40D7-90CD-60D8606DEE42}.Debug|Any CPU.Build.0 = Debug|Any CPU
		{AE62AE60-A980-40D7-90CD-60D8606DEE42}.Release|Any CPU.ActiveCfg = Release|Any CPU
		{AE62AE60-A980-40D7-90CD-60D8606DEE42}.Release|Any CPU.Build.0 = Release|Any CPU
		{AA73D3B1-873F-4A79-8347-E0781E382FF8}.Debug|Any CPU.ActiveCfg = Debug|Any CPU
		{AA73D3B1-873F-4A79-8347-E0781E382FF8}.Debug|Any CPU.Build.0 = Debug|Any CPU
		{AA73D3B1-873F-4A79-8347-E0781E382FF8}.Release|Any CPU.ActiveCfg = Release|Any CPU
		{AA73D3B1-873F-4A79-8347-E0781E382FF8}.Release|Any CPU.Build.0 = Release|Any CPU
		{6ED7EDA1-E6DA-4867-8084-C0327EEFB7A9}.Debug|Any CPU.ActiveCfg = Debug|Any CPU
		{6ED7EDA1-E6DA-4867-8084-C0327EEFB7A9}.Debug|Any CPU.Build.0 = Debug|Any CPU
		{6ED7EDA1-E6DA-4867-8084-C0327EEFB7A9}.Release|Any CPU.ActiveCfg = Release|Any CPU
		{6ED7EDA1-E6DA-4867-8084-C0327EEFB7A9}.Release|Any CPU.Build.0 = Release|Any CPU
		{18F2225C-82FD-4B01-8AF9-CF746D16EDA1}.Debug|Any CPU.ActiveCfg = Debug|Any CPU
		{18F2225C-82FD-4B01-8AF9-CF746D16EDA1}.Debug|Any CPU.Build.0 = Debug|Any CPU
		{18F2225C-82FD-4B01-8AF9-CF746D16EDA1}.Release|Any CPU.ActiveCfg = Release|Any CPU
		{18F2225C-82FD-4B01-8AF9-CF746D16EDA1}.Release|Any CPU.Build.0 = Release|Any CPU
		{4AFD2AAD-FA52-43EA-B9A8-10E948F9A139}.Debug|Any CPU.ActiveCfg = Debug|Any CPU
		{4AFD2AAD-FA52-43EA-B9A8-10E948F9A139}.Debug|Any CPU.Build.0 = Debug|Any CPU
		{4AFD2AAD-FA52-43EA-B9A8-10E948F9A139}.Release|Any CPU.ActiveCfg = Release|Any CPU
		{4AFD2AAD-FA52-43EA-B9A8-10E948F9A139}.Release|Any CPU.Build.0 = Release|Any CPU
		{B0101B27-F153-4041-8DEE-741B651453D5}.Debug|Any CPU.ActiveCfg = Debug|Any CPU
		{B0101B27-F153-4041-8DEE-741B651453D5}.Debug|Any CPU.Build.0 = Debug|Any CPU
		{B0101B27-F153-4041-8DEE-741B651453D5}.Release|Any CPU.ActiveCfg = Release|Any CPU
		{B0101B27-F153-4041-8DEE-741B651453D5}.Release|Any CPU.Build.0 = Release|Any CPU
		{ED6D4369-EC01-4822-B94E-6C3DCFD26A35}.Debug|Any CPU.ActiveCfg = Debug|Any CPU
		{ED6D4369-EC01-4822-B94E-6C3DCFD26A35}.Debug|Any CPU.Build.0 = Debug|Any CPU
		{ED6D4369-EC01-4822-B94E-6C3DCFD26A35}.Release|Any CPU.ActiveCfg = Release|Any CPU
		{ED6D4369-EC01-4822-B94E-6C3DCFD26A35}.Release|Any CPU.Build.0 = Release|Any CPU
		{422BA1AE-858D-4AA4-815B-CF42A429D305}.Debug|Any CPU.ActiveCfg = Debug|Any CPU
		{422BA1AE-858D-4AA4-815B-CF42A429D305}.Debug|Any CPU.Build.0 = Debug|Any CPU
		{422BA1AE-858D-4AA4-815B-CF42A429D305}.Release|Any CPU.ActiveCfg = Release|Any CPU
		{422BA1AE-858D-4AA4-815B-CF42A429D305}.Release|Any CPU.Build.0 = Release|Any CPU
		{F24B884D-A64B-4511-85B6-FEEDA92CBBA1}.Debug|Any CPU.ActiveCfg = Debug|Any CPU
		{F24B884D-A64B-4511-85B6-FEEDA92CBBA1}.Debug|Any CPU.Build.0 = Debug|Any CPU
		{F24B884D-A64B-4511-85B6-FEEDA92CBBA1}.Release|Any CPU.ActiveCfg = Release|Any CPU
		{F24B884D-A64B-4511-85B6-FEEDA92CBBA1}.Release|Any CPU.Build.0 = Release|Any CPU
	EndGlobalSection
	GlobalSection(SolutionProperties) = preSolution
		HideSolutionNode = FALSE
	EndGlobalSection
	GlobalSection(NestedProjects) = preSolution
		{FD2580D6-C051-4F6B-8208-EE0EAAFD6392} = {7701FE3C-4187-401C-9612-44667203B0E5}
		{117DCB1E-B3DB-409C-9031-8B5A6CE7F938} = {7701FE3C-4187-401C-9612-44667203B0E5}
		{927DA9E6-2219-4570-AEA2-CCC140915758} = {7701FE3C-4187-401C-9612-44667203B0E5}
		{9C5BDDD0-CC7D-43D9-881F-C21BD5CB261B} = {7701FE3C-4187-401C-9612-44667203B0E5}
		{AE62AE60-A980-40D7-90CD-60D8606DEE42} = {7701FE3C-4187-401C-9612-44667203B0E5}
		{AA73D3B1-873F-4A79-8347-E0781E382FF8} = {7701FE3C-4187-401C-9612-44667203B0E5}
		{6ED7EDA1-E6DA-4867-8084-C0327EEFB7A9} = {7701FE3C-4187-401C-9612-44667203B0E5}
		{18F2225C-82FD-4B01-8AF9-CF746D16EDA1} = {7701FE3C-4187-401C-9612-44667203B0E5}
		{4AFD2AAD-FA52-43EA-B9A8-10E948F9A139} = {7701FE3C-4187-401C-9612-44667203B0E5}
		{B0101B27-F153-4041-8DEE-741B651453D5} = {7701FE3C-4187-401C-9612-44667203B0E5}
		{422BA1AE-858D-4AA4-815B-CF42A429D305} = {7701FE3C-4187-401C-9612-44667203B0E5}
		{F24B884D-A64B-4511-85B6-FEEDA92CBBA1} = {7701FE3C-4187-401C-9612-44667203B0E5}
	EndGlobalSection
	GlobalSection(ExtensibilityGlobals) = postSolution
		SolutionGuid = {22270DEE-D42D-479D-A76F-B2E7A5F7C949}
	EndGlobalSection
EndGlobal
