
Microsoft Visual Studio Solution File, Format Version 12.00
# Visual Studio Version 17
VisualStudioVersion = 17.5.33516.290
MinimumVisualStudioVersion = 10.0.40219.1
Project("{9A19103F-16F7-4668-BE54-9A1E7A4F7556}") = "ILGPU", "ILGPU\ILGPU.csproj", "{30A409A1-B627-4ED0-9CDD-69BA19996E7B}"
EndProject
Project("{FAE04EC0-301F-11D3-BF4B-00C04F79EFBC}") = "ILGPUC", "ILGPUC\ILGPUC.csproj", "{212B0400-BB46-4571-B4D1-1BCB134BC953}"
EndProject
Project("{FAE04EC0-301F-11D3-BF4B-00C04F79EFBC}") = "ILGPUC.CompilerService", "ILGPUC.CompilerService\ILGPUC.CompilerService.csproj", "{628389DB-9B0F-44D9-BEF1-B72A324865D2}"
EndProject
Project("{FAE04EC0-301F-11D3-BF4B-00C04F79EFBC}") = "ILGPUC.Compilers", "ILGPUC.Compilers\ILGPUC.Compilers.csproj", "{BFD5420E-BF5D-4C64-A2EA-8E525EAC9627}"
EndProject
Project("{FAE04EC0-301F-11D3-BF4B-00C04F79EFBC}") = "ILGPUC.CompilerService.Tests", "ILGPUC.CompilerService.Tests\ILGPUC.CompilerService.Tests.csproj", "{6B62BF3E-CF7C-4C21-97B6-E90FDE83D169}"
EndProject
Project("{FAE04EC0-301F-11D3-BF4B-00C04F79EFBC}") = "ILGPUC.Tests", "ILGPUC.Tests\ILGPUC.Tests.csproj", "{02CFE468-33D8-48B8-9B60-C69D39FBCAF5}"
EndProject
Global
	GlobalSection(SolutionConfigurationPlatforms) = preSolution
		Debug|Any CPU = Debug|Any CPU
		Debug|x64 = Debug|x64
		Debug|x86 = Debug|x86
		Release|Any CPU = Release|Any CPU
		Release|x64 = Release|x64
		Release|x86 = Release|x86
	EndGlobalSection
	GlobalSection(ProjectConfigurationPlatforms) = postSolution
		{30A409A1-B627-4ED0-9CDD-69BA19996E7B}.Debug|Any CPU.ActiveCfg = Debug|Any CPU
		{30A409A1-B627-4ED0-9CDD-69BA19996E7B}.Debug|Any CPU.Build.0 = Debug|Any CPU
		{30A409A1-B627-4ED0-9CDD-69BA19996E7B}.Debug|x64.ActiveCfg = Debug|Any CPU
		{30A409A1-B627-4ED0-9CDD-69BA19996E7B}.Debug|x64.Build.0 = Debug|Any CPU
		{30A409A1-B627-4ED0-9CDD-69BA19996E7B}.Debug|x86.ActiveCfg = Debug|Any CPU
		{30A409A1-B627-4ED0-9CDD-69BA19996E7B}.Debug|x86.Build.0 = Debug|Any CPU
		{30A409A1-B627-4ED0-9CDD-69BA19996E7B}.Release|Any CPU.ActiveCfg = Release|Any CPU
		{30A409A1-B627-4ED0-9CDD-69BA19996E7B}.Release|Any CPU.Build.0 = Release|Any CPU
		{30A409A1-B627-4ED0-9CDD-69BA19996E7B}.Release|x64.ActiveCfg = Release|Any CPU
		{30A409A1-B627-4ED0-9CDD-69BA19996E7B}.Release|x64.Build.0 = Release|Any CPU
		{30A409A1-B627-4ED0-9CDD-69BA19996E7B}.Release|x86.ActiveCfg = Release|Any CPU
		{30A409A1-B627-4ED0-9CDD-69BA19996E7B}.Release|x86.Build.0 = Release|Any CPU
		{212B0400-BB46-4571-B4D1-1BCB134BC953}.Debug|Any CPU.ActiveCfg = Debug|Any CPU
		{212B0400-BB46-4571-B4D1-1BCB134BC953}.Debug|Any CPU.Build.0 = Debug|Any CPU
		{212B0400-BB46-4571-B4D1-1BCB134BC953}.Debug|x64.ActiveCfg = Debug|Any CPU
		{212B0400-BB46-4571-B4D1-1BCB134BC953}.Debug|x64.Build.0 = Debug|Any CPU
		{212B0400-BB46-4571-B4D1-1BCB134BC953}.Debug|x86.ActiveCfg = Debug|Any CPU
		{212B0400-BB46-4571-B4D1-1BCB134BC953}.Debug|x86.Build.0 = Debug|Any CPU
		{212B0400-BB46-4571-B4D1-1BCB134BC953}.Release|Any CPU.ActiveCfg = Release|Any CPU
		{212B0400-BB46-4571-B4D1-1BCB134BC953}.Release|Any CPU.Build.0 = Release|Any CPU
		{212B0400-BB46-4571-B4D1-1BCB134BC953}.Release|x64.ActiveCfg = Release|Any CPU
		{212B0400-BB46-4571-B4D1-1BCB134BC953}.Release|x64.Build.0 = Release|Any CPU
		{212B0400-BB46-4571-B4D1-1BCB134BC953}.Release|x86.ActiveCfg = Release|Any CPU
		{212B0400-BB46-4571-B4D1-1BCB134BC953}.Release|x86.Build.0 = Release|Any CPU
		{628389DB-9B0F-44D9-BEF1-B72A324865D2}.Debug|Any CPU.ActiveCfg = Debug|Any CPU
		{628389DB-9B0F-44D9-BEF1-B72A324865D2}.Debug|Any CPU.Build.0 = Debug|Any CPU
		{628389DB-9B0F-44D9-BEF1-B72A324865D2}.Debug|x64.ActiveCfg = Debug|Any CPU
		{628389DB-9B0F-44D9-BEF1-B72A324865D2}.Debug|x64.Build.0 = Debug|Any CPU
		{628389DB-9B0F-44D9-BEF1-B72A324865D2}.Debug|x86.ActiveCfg = Debug|Any CPU
		{628389DB-9B0F-44D9-BEF1-B72A324865D2}.Debug|x86.Build.0 = Debug|Any CPU
		{628389DB-9B0F-44D9-BEF1-B72A324865D2}.Release|Any CPU.ActiveCfg = Release|Any CPU
		{628389DB-9B0F-44D9-BEF1-B72A324865D2}.Release|Any CPU.Build.0 = Release|Any CPU
		{628389DB-9B0F-44D9-BEF1-B72A324865D2}.Release|x64.ActiveCfg = Release|Any CPU
		{628389DB-9B0F-44D9-BEF1-B72A324865D2}.Release|x64.Build.0 = Release|Any CPU
		{628389DB-9B0F-44D9-BEF1-B72A324865D2}.Release|x86.ActiveCfg = Release|Any CPU
		{628389DB-9B0F-44D9-BEF1-B72A324865D2}.Release|x86.Build.0 = Release|Any CPU
		{BFD5420E-BF5D-4C64-A2EA-8E525EAC9627}.Debug|Any CPU.ActiveCfg = Debug|Any CPU
		{BFD5420E-BF5D-4C64-A2EA-8E525EAC9627}.Debug|Any CPU.Build.0 = Debug|Any CPU
		{BFD5420E-BF5D-4C64-A2EA-8E525EAC9627}.Debug|x64.ActiveCfg = Debug|Any CPU
		{BFD5420E-BF5D-4C64-A2EA-8E525EAC9627}.Debug|x64.Build.0 = Debug|Any CPU
		{BFD5420E-BF5D-4C64-A2EA-8E525EAC9627}.Debug|x86.ActiveCfg = Debug|Any CPU
		{BFD5420E-BF5D-4C64-A2EA-8E525EAC9627}.Debug|x86.Build.0 = Debug|Any CPU
		{BFD5420E-BF5D-4C64-A2EA-8E525EAC9627}.Release|Any CPU.ActiveCfg = Release|Any CPU
		{BFD5420E-BF5D-4C64-A2EA-8E525EAC9627}.Release|Any CPU.Build.0 = Release|Any CPU
		{BFD5420E-BF5D-4C64-A2EA-8E525EAC9627}.Release|x64.ActiveCfg = Release|Any CPU
		{BFD5420E-BF5D-4C64-A2EA-8E525EAC9627}.Release|x64.Build.0 = Release|Any CPU
		{BFD5420E-BF5D-4C64-A2EA-8E525EAC9627}.Release|x86.ActiveCfg = Release|Any CPU
		{BFD5420E-BF5D-4C64-A2EA-8E525EAC9627}.Release|x86.Build.0 = Release|Any CPU
		{6B62BF3E-CF7C-4C21-97B6-E90FDE83D169}.Debug|Any CPU.ActiveCfg = Debug|Any CPU
		{6B62BF3E-CF7C-4C21-97B6-E90FDE83D169}.Debug|Any CPU.Build.0 = Debug|Any CPU
		{6B62BF3E-CF7C-4C21-97B6-E90FDE83D169}.Debug|x64.ActiveCfg = Debug|Any CPU
		{6B62BF3E-CF7C-4C21-97B6-E90FDE83D169}.Debug|x64.Build.0 = Debug|Any CPU
		{6B62BF3E-CF7C-4C21-97B6-E90FDE83D169}.Debug|x86.ActiveCfg = Debug|Any CPU
		{6B62BF3E-CF7C-4C21-97B6-E90FDE83D169}.Debug|x86.Build.0 = Debug|Any CPU
		{6B62BF3E-CF7C-4C21-97B6-E90FDE83D169}.Release|Any CPU.ActiveCfg = Release|Any CPU
		{6B62BF3E-CF7C-4C21-97B6-E90FDE83D169}.Release|Any CPU.Build.0 = Release|Any CPU
		{6B62BF3E-CF7C-4C21-97B6-E90FDE83D169}.Release|x64.ActiveCfg = Release|Any CPU
		{6B62BF3E-CF7C-4C21-97B6-E90FDE83D169}.Release|x64.Build.0 = Release|Any CPU
		{6B62BF3E-CF7C-4C21-97B6-E90FDE83D169}.Release|x86.ActiveCfg = Release|Any CPU
		{6B62BF3E-CF7C-4C21-97B6-E90FDE83D169}.Release|x86.Build.0 = Release|Any CPU
		{02CFE468-33D8-48B8-9B60-C69D39FBCAF5}.Debug|Any CPU.ActiveCfg = Debug|Any CPU
		{02CFE468-33D8-48B8-9B60-C69D39FBCAF5}.Debug|Any CPU.Build.0 = Debug|Any CPU
		{02CFE468-33D8-48B8-9B60-C69D39FBCAF5}.Debug|x64.ActiveCfg = Debug|Any CPU
		{02CFE468-33D8-48B8-9B60-C69D39FBCAF5}.Debug|x64.Build.0 = Debug|Any CPU
		{02CFE468-33D8-48B8-9B60-C69D39FBCAF5}.Debug|x86.ActiveCfg = Debug|Any CPU
		{02CFE468-33D8-48B8-9B60-C69D39FBCAF5}.Debug|x86.Build.0 = Debug|Any CPU
		{02CFE468-33D8-48B8-9B60-C69D39FBCAF5}.Release|Any CPU.ActiveCfg = Release|Any CPU
		{02CFE468-33D8-48B8-9B60-C69D39FBCAF5}.Release|Any CPU.Build.0 = Release|Any CPU
		{02CFE468-33D8-48B8-9B60-C69D39FBCAF5}.Release|x64.ActiveCfg = Release|Any CPU
		{02CFE468-33D8-48B8-9B60-C69D39FBCAF5}.Release|x64.Build.0 = Release|Any CPU
		{02CFE468-33D8-48B8-9B60-C69D39FBCAF5}.Release|x86.ActiveCfg = Release|Any CPU
		{02CFE468-33D8-48B8-9B60-C69D39FBCAF5}.Release|x86.Build.0 = Release|Any CPU
	EndGlobalSection
	GlobalSection(SolutionProperties) = preSolution
		HideSolutionNode = FALSE
	EndGlobalSection
	GlobalSection(ExtensibilityGlobals) = postSolution
		SolutionGuid = {22270DEE-D42D-479D-A76F-B2E7A5F7C949}
	EndGlobalSection
EndGlobal
